// !$*UTF8*$!
{
	archiveVersion = 1;
	classes = {
	};
	objectVersion = 50;
	objects = {

/* Begin PBXBuildFile section */
		39057703210100F500A3E9EE /* IndexController.swift in Sources */ = {isa = PBXBuildFile; fileRef = 39057702210100F500A3E9EE /* IndexController.swift */; };
		3912969E210141B900AE1630 /* User.swift in Sources */ = {isa = PBXBuildFile; fileRef = 3912969D210141B900AE1630 /* User.swift */; };
		391296A02101438800AE1630 /* UserDefaultExtension.swift in Sources */ = {isa = PBXBuildFile; fileRef = 3912969F2101438800AE1630 /* UserDefaultExtension.swift */; };
		391296A221014A5700AE1630 /* TriangleView.swift in Sources */ = {isa = PBXBuildFile; fileRef = 391296A121014A5700AE1630 /* TriangleView.swift */; };
		392074EC210100210040FC82 /* AppDelegate.swift in Sources */ = {isa = PBXBuildFile; fileRef = 392074EB210100210040FC82 /* AppDelegate.swift */; };
		392074EE210100220040FC82 /* ViewController.swift in Sources */ = {isa = PBXBuildFile; fileRef = 392074ED210100220040FC82 /* ViewController.swift */; };
		392074F1210100220040FC82 /* Main.storyboard in Resources */ = {isa = PBXBuildFile; fileRef = 392074EF210100220040FC82 /* Main.storyboard */; };
		392074F3210100230040FC82 /* Assets.xcassets in Resources */ = {isa = PBXBuildFile; fileRef = 392074F2210100230040FC82 /* Assets.xcassets */; };
		392074F6210100230040FC82 /* LaunchScreen.storyboard in Resources */ = {isa = PBXBuildFile; fileRef = 392074F4210100230040FC82 /* LaunchScreen.storyboard */; };
		39207501210100240040FC82 /* ThisOrThatTests.swift in Sources */ = {isa = PBXBuildFile; fileRef = 39207500210100240040FC82 /* ThisOrThatTests.swift */; };
		3920750C210100240040FC82 /* ThisOrThatUITests.swift in Sources */ = {isa = PBXBuildFile; fileRef = 3920750B210100240040FC82 /* ThisOrThatUITests.swift */; };
		395479562118B43A00D8BC66 /* UIImageViewExtensions.swift in Sources */ = {isa = PBXBuildFile; fileRef = 395479552118B43A00D8BC66 /* UIImageViewExtensions.swift */; };
		395479582118EAF800D8BC66 /* UserOptionsView.swift in Sources */ = {isa = PBXBuildFile; fileRef = 395479572118EAF800D8BC66 /* UserOptionsView.swift */; };
		395CB2C3210BB53E0020CD7D /* Poll.swift in Sources */ = {isa = PBXBuildFile; fileRef = 395CB2C2210BB53E0020CD7D /* Poll.swift */; };
		395CB2C5210BBD450020CD7D /* LabelAdjuster.swift in Sources */ = {isa = PBXBuildFile; fileRef = 395CB2C4210BBD450020CD7D /* LabelAdjuster.swift */; };
		3965CCB6210B707C0049EAE2 /* PollCell.swift in Sources */ = {isa = PBXBuildFile; fileRef = 3965CCB5210B707C0049EAE2 /* PollCell.swift */; };
		399FA4E5210258A90006A285 /* LoginView.swift in Sources */ = {isa = PBXBuildFile; fileRef = 399FA4E4210258A90006A285 /* LoginView.swift */; };
		39BE21942119FAEB00ECD8AA /* SinglePollController.swift in Sources */ = {isa = PBXBuildFile; fileRef = 39BE21932119FAEB00ECD8AA /* SinglePollController.swift */; };
		39BE2196211A159C00ECD8AA /* CommentCell.swift in Sources */ = {isa = PBXBuildFile; fileRef = 39BE2195211A159C00ECD8AA /* CommentCell.swift */; };
		39BE2198211A413600ECD8AA /* Comment.swift in Sources */ = {isa = PBXBuildFile; fileRef = 39BE2197211A413600ECD8AA /* Comment.swift */; };
		39E0ABE5210134040021855D /* UIViewExtensions.swift in Sources */ = {isa = PBXBuildFile; fileRef = 39E0ABE4210134040021855D /* UIViewExtensions.swift */; };
		39E7043D2106554C00567132 /* SignupView.swift in Sources */ = {isa = PBXBuildFile; fileRef = 39E7043C2106554C00567132 /* SignupView.swift */; };
		39E7044121065B3700567132 /* ModalTextField.swift in Sources */ = {isa = PBXBuildFile; fileRef = 39E7044021065B3700567132 /* ModalTextField.swift */; };
		39EC5F9F21026C5D003624B4 /* Niveau-Grotesk-Bold.otf in Resources */ = {isa = PBXBuildFile; fileRef = 39EC5F9E21026C5D003624B4 /* Niveau-Grotesk-Bold.otf */; };
		39EC5FA1210273C1003624B4 /* Niveau-Grotesk-Light-Smallcaps.otf in Resources */ = {isa = PBXBuildFile; fileRef = 39EC5FA021027365003624B4 /* Niveau-Grotesk-Light-Smallcaps.otf */; };
		39F118432107C7970084F5B9 /* APIServices.swift in Sources */ = {isa = PBXBuildFile; fileRef = 39F118422107C7970084F5B9 /* APIServices.swift */; };
		39F118452107CCC30084F5B9 /* Secrets.swift in Sources */ = {isa = PBXBuildFile; fileRef = 39F118442107CCC30084F5B9 /* Secrets.swift */; };
		7C436252C5D286C020830604 /* Pods_ThisOrThatTests.framework in Frameworks */ = {isa = PBXBuildFile; fileRef = 9FB28E0B9548E77E2E561575 /* Pods_ThisOrThatTests.framework */; };
		E3F0226652ECD5EA4E554AC2 /* Pods_ThisOrThatUITests.framework in Frameworks */ = {isa = PBXBuildFile; fileRef = BC5C89C96BCBA14CF9A02693 /* Pods_ThisOrThatUITests.framework */; };
		F1BE69401F32326BD3A70A38 /* Pods_ThisOrThat.framework in Frameworks */ = {isa = PBXBuildFile; fileRef = E54622FC5EC982F0EB588E01 /* Pods_ThisOrThat.framework */; };
/* End PBXBuildFile section */

/* Begin PBXContainerItemProxy section */
		392074FD210100240040FC82 /* PBXContainerItemProxy */ = {
			isa = PBXContainerItemProxy;
			containerPortal = 392074E0210100210040FC82 /* Project object */;
			proxyType = 1;
			remoteGlobalIDString = 392074E7210100210040FC82;
			remoteInfo = ThisOrThat;
		};
		39207508210100240040FC82 /* PBXContainerItemProxy */ = {
			isa = PBXContainerItemProxy;
			containerPortal = 392074E0210100210040FC82 /* Project object */;
			proxyType = 1;
			remoteGlobalIDString = 392074E7210100210040FC82;
			remoteInfo = ThisOrThat;
		};
/* End PBXContainerItemProxy section */

/* Begin PBXFileReference section */
		2D7BEB6F20E7894F7923B8F4 /* Pods-ThisOrThatUITests.debug.xcconfig */ = {isa = PBXFileReference; includeInIndex = 1; lastKnownFileType = text.xcconfig; name = "Pods-ThisOrThatUITests.debug.xcconfig"; path = "Pods/Target Support Files/Pods-ThisOrThatUITests/Pods-ThisOrThatUITests.debug.xcconfig"; sourceTree = "<group>"; };
		327C2F2AE36CF68F19D35EB6 /* Pods-ThisOrThat.debug.xcconfig */ = {isa = PBXFileReference; includeInIndex = 1; lastKnownFileType = text.xcconfig; name = "Pods-ThisOrThat.debug.xcconfig"; path = "Pods/Target Support Files/Pods-ThisOrThat/Pods-ThisOrThat.debug.xcconfig"; sourceTree = "<group>"; };
		39057702210100F500A3E9EE /* IndexController.swift */ = {isa = PBXFileReference; lastKnownFileType = sourcecode.swift; path = IndexController.swift; sourceTree = "<group>"; };
		3912969D210141B900AE1630 /* User.swift */ = {isa = PBXFileReference; lastKnownFileType = sourcecode.swift; path = User.swift; sourceTree = "<group>"; };
		3912969F2101438800AE1630 /* UserDefaultExtension.swift */ = {isa = PBXFileReference; lastKnownFileType = sourcecode.swift; path = UserDefaultExtension.swift; sourceTree = "<group>"; };
		391296A121014A5700AE1630 /* TriangleView.swift */ = {isa = PBXFileReference; lastKnownFileType = sourcecode.swift; path = TriangleView.swift; sourceTree = "<group>"; };
		392074E8210100210040FC82 /* ThisOrThat.app */ = {isa = PBXFileReference; explicitFileType = wrapper.application; includeInIndex = 0; path = ThisOrThat.app; sourceTree = BUILT_PRODUCTS_DIR; };
		392074EB210100210040FC82 /* AppDelegate.swift */ = {isa = PBXFileReference; lastKnownFileType = sourcecode.swift; path = AppDelegate.swift; sourceTree = "<group>"; };
		392074ED210100220040FC82 /* ViewController.swift */ = {isa = PBXFileReference; lastKnownFileType = sourcecode.swift; path = ViewController.swift; sourceTree = "<group>"; };
		392074F0210100220040FC82 /* Base */ = {isa = PBXFileReference; lastKnownFileType = file.storyboard; name = Base; path = Base.lproj/Main.storyboard; sourceTree = "<group>"; };
		392074F2210100230040FC82 /* Assets.xcassets */ = {isa = PBXFileReference; lastKnownFileType = folder.assetcatalog; path = Assets.xcassets; sourceTree = "<group>"; };
		392074F5210100230040FC82 /* Base */ = {isa = PBXFileReference; lastKnownFileType = file.storyboard; name = Base; path = Base.lproj/LaunchScreen.storyboard; sourceTree = "<group>"; };
		392074F7210100230040FC82 /* Info.plist */ = {isa = PBXFileReference; lastKnownFileType = text.plist.xml; path = Info.plist; sourceTree = "<group>"; };
		392074FC210100240040FC82 /* ThisOrThatTests.xctest */ = {isa = PBXFileReference; explicitFileType = wrapper.cfbundle; includeInIndex = 0; path = ThisOrThatTests.xctest; sourceTree = BUILT_PRODUCTS_DIR; };
		39207500210100240040FC82 /* ThisOrThatTests.swift */ = {isa = PBXFileReference; lastKnownFileType = sourcecode.swift; path = ThisOrThatTests.swift; sourceTree = "<group>"; };
		39207502210100240040FC82 /* Info.plist */ = {isa = PBXFileReference; lastKnownFileType = text.plist.xml; path = Info.plist; sourceTree = "<group>"; };
		39207507210100240040FC82 /* ThisOrThatUITests.xctest */ = {isa = PBXFileReference; explicitFileType = wrapper.cfbundle; includeInIndex = 0; path = ThisOrThatUITests.xctest; sourceTree = BUILT_PRODUCTS_DIR; };
		3920750B210100240040FC82 /* ThisOrThatUITests.swift */ = {isa = PBXFileReference; lastKnownFileType = sourcecode.swift; path = ThisOrThatUITests.swift; sourceTree = "<group>"; };
		3920750D210100240040FC82 /* Info.plist */ = {isa = PBXFileReference; lastKnownFileType = text.plist.xml; path = Info.plist; sourceTree = "<group>"; };
		395479552118B43A00D8BC66 /* UIImageViewExtensions.swift */ = {isa = PBXFileReference; lastKnownFileType = sourcecode.swift; path = UIImageViewExtensions.swift; sourceTree = "<group>"; };
		395479572118EAF800D8BC66 /* UserOptionsView.swift */ = {isa = PBXFileReference; lastKnownFileType = sourcecode.swift; path = UserOptionsView.swift; sourceTree = "<group>"; };
		395CB2C2210BB53E0020CD7D /* Poll.swift */ = {isa = PBXFileReference; lastKnownFileType = sourcecode.swift; path = Poll.swift; sourceTree = "<group>"; };
		395CB2C4210BBD450020CD7D /* LabelAdjuster.swift */ = {isa = PBXFileReference; lastKnownFileType = sourcecode.swift; path = LabelAdjuster.swift; sourceTree = "<group>"; };
		3965CCB5210B707C0049EAE2 /* PollCell.swift */ = {isa = PBXFileReference; lastKnownFileType = sourcecode.swift; path = PollCell.swift; sourceTree = "<group>"; };
		399FA4E4210258A90006A285 /* LoginView.swift */ = {isa = PBXFileReference; lastKnownFileType = sourcecode.swift; path = LoginView.swift; sourceTree = "<group>"; };
		39BE21932119FAEB00ECD8AA /* SinglePollController.swift */ = {isa = PBXFileReference; lastKnownFileType = sourcecode.swift; path = SinglePollController.swift; sourceTree = "<group>"; };
		39BE2195211A159C00ECD8AA /* CommentCell.swift */ = {isa = PBXFileReference; lastKnownFileType = sourcecode.swift; path = CommentCell.swift; sourceTree = "<group>"; };
		39BE2197211A413600ECD8AA /* Comment.swift */ = {isa = PBXFileReference; lastKnownFileType = sourcecode.swift; path = Comment.swift; sourceTree = "<group>"; };
		39E0ABE4210134040021855D /* UIViewExtensions.swift */ = {isa = PBXFileReference; lastKnownFileType = sourcecode.swift; path = UIViewExtensions.swift; sourceTree = "<group>"; };
		39E7043C2106554C00567132 /* SignupView.swift */ = {isa = PBXFileReference; lastKnownFileType = sourcecode.swift; path = SignupView.swift; sourceTree = "<group>"; };
		39E7044021065B3700567132 /* ModalTextField.swift */ = {isa = PBXFileReference; lastKnownFileType = sourcecode.swift; path = ModalTextField.swift; sourceTree = "<group>"; };
		39EC5F9E21026C5D003624B4 /* Niveau-Grotesk-Bold.otf */ = {isa = PBXFileReference; lastKnownFileType = file; path = "Niveau-Grotesk-Bold.otf"; sourceTree = "<group>"; };
		39EC5FA021027365003624B4 /* Niveau-Grotesk-Light-Smallcaps.otf */ = {isa = PBXFileReference; lastKnownFileType = file; path = "Niveau-Grotesk-Light-Smallcaps.otf"; sourceTree = "<group>"; };
		39F118422107C7970084F5B9 /* APIServices.swift */ = {isa = PBXFileReference; lastKnownFileType = sourcecode.swift; path = APIServices.swift; sourceTree = "<group>"; };
		39F118442107CCC30084F5B9 /* Secrets.swift */ = {isa = PBXFileReference; lastKnownFileType = sourcecode.swift; path = Secrets.swift; sourceTree = "<group>"; };
		7FA2F7104EF3D5E1FBBC7707 /* Pods-ThisOrThatUITests.release.xcconfig */ = {isa = PBXFileReference; includeInIndex = 1; lastKnownFileType = text.xcconfig; name = "Pods-ThisOrThatUITests.release.xcconfig"; path = "Pods/Target Support Files/Pods-ThisOrThatUITests/Pods-ThisOrThatUITests.release.xcconfig"; sourceTree = "<group>"; };
		9FB28E0B9548E77E2E561575 /* Pods_ThisOrThatTests.framework */ = {isa = PBXFileReference; explicitFileType = wrapper.framework; includeInIndex = 0; path = Pods_ThisOrThatTests.framework; sourceTree = BUILT_PRODUCTS_DIR; };
		BC5C89C96BCBA14CF9A02693 /* Pods_ThisOrThatUITests.framework */ = {isa = PBXFileReference; explicitFileType = wrapper.framework; includeInIndex = 0; path = Pods_ThisOrThatUITests.framework; sourceTree = BUILT_PRODUCTS_DIR; };
		C1F9F827F5C30D42D1F9D2B5 /* Pods-ThisOrThat.release.xcconfig */ = {isa = PBXFileReference; includeInIndex = 1; lastKnownFileType = text.xcconfig; name = "Pods-ThisOrThat.release.xcconfig"; path = "Pods/Target Support Files/Pods-ThisOrThat/Pods-ThisOrThat.release.xcconfig"; sourceTree = "<group>"; };
		E0C335925536390A36FFB9FE /* Pods-ThisOrThatTests.debug.xcconfig */ = {isa = PBXFileReference; includeInIndex = 1; lastKnownFileType = text.xcconfig; name = "Pods-ThisOrThatTests.debug.xcconfig"; path = "Pods/Target Support Files/Pods-ThisOrThatTests/Pods-ThisOrThatTests.debug.xcconfig"; sourceTree = "<group>"; };
		E54622FC5EC982F0EB588E01 /* Pods_ThisOrThat.framework */ = {isa = PBXFileReference; explicitFileType = wrapper.framework; includeInIndex = 0; path = Pods_ThisOrThat.framework; sourceTree = BUILT_PRODUCTS_DIR; };
		F846F0F61705BCEDEE9D7725 /* Pods-ThisOrThatTests.release.xcconfig */ = {isa = PBXFileReference; includeInIndex = 1; lastKnownFileType = text.xcconfig; name = "Pods-ThisOrThatTests.release.xcconfig"; path = "Pods/Target Support Files/Pods-ThisOrThatTests/Pods-ThisOrThatTests.release.xcconfig"; sourceTree = "<group>"; };
/* End PBXFileReference section */

/* Begin PBXFrameworksBuildPhase section */
		392074E5210100210040FC82 /* Frameworks */ = {
			isa = PBXFrameworksBuildPhase;
			buildActionMask = 2147483647;
			files = (
				F1BE69401F32326BD3A70A38 /* Pods_ThisOrThat.framework in Frameworks */,
			);
			runOnlyForDeploymentPostprocessing = 0;
		};
		392074F9210100240040FC82 /* Frameworks */ = {
			isa = PBXFrameworksBuildPhase;
			buildActionMask = 2147483647;
			files = (
				7C436252C5D286C020830604 /* Pods_ThisOrThatTests.framework in Frameworks */,
			);
			runOnlyForDeploymentPostprocessing = 0;
		};
		39207504210100240040FC82 /* Frameworks */ = {
			isa = PBXFrameworksBuildPhase;
			buildActionMask = 2147483647;
			files = (
				E3F0226652ECD5EA4E554AC2 /* Pods_ThisOrThatUITests.framework in Frameworks */,
			);
			runOnlyForDeploymentPostprocessing = 0;
		};
/* End PBXFrameworksBuildPhase section */

/* Begin PBXGroup section */
		28A962FAE1E498D1EF325474 /* Pods */ = {
			isa = PBXGroup;
			children = (
				327C2F2AE36CF68F19D35EB6 /* Pods-ThisOrThat.debug.xcconfig */,
				C1F9F827F5C30D42D1F9D2B5 /* Pods-ThisOrThat.release.xcconfig */,
				E0C335925536390A36FFB9FE /* Pods-ThisOrThatTests.debug.xcconfig */,
				F846F0F61705BCEDEE9D7725 /* Pods-ThisOrThatTests.release.xcconfig */,
				2D7BEB6F20E7894F7923B8F4 /* Pods-ThisOrThatUITests.debug.xcconfig */,
				7FA2F7104EF3D5E1FBBC7707 /* Pods-ThisOrThatUITests.release.xcconfig */,
			);
			name = Pods;
			sourceTree = "<group>";
		};
		39057701210100DD00A3E9EE /* Controllers */ = {
			isa = PBXGroup;
			children = (
				39057702210100F500A3E9EE /* IndexController.swift */,
				39BE21932119FAEB00ECD8AA /* SinglePollController.swift */,
			);
			path = Controllers;
			sourceTree = "<group>";
		};
		3912969C2101418C00AE1630 /* Models */ = {
			isa = PBXGroup;
			children = (
				3912969D210141B900AE1630 /* User.swift */,
				395CB2C2210BB53E0020CD7D /* Poll.swift */,
				39BE2197211A413600ECD8AA /* Comment.swift */,
			);
			path = Models;
			sourceTree = "<group>";
		};
		392074DF210100210040FC82 = {
			isa = PBXGroup;
			children = (
				392074EA210100210040FC82 /* ThisOrThat */,
				392074FF210100240040FC82 /* ThisOrThatTests */,
				3920750A210100240040FC82 /* ThisOrThatUITests */,
				392074E9210100210040FC82 /* Products */,
				28A962FAE1E498D1EF325474 /* Pods */,
				E175A93B33D4E71C57649E38 /* Frameworks */,
			);
			sourceTree = "<group>";
		};
		392074E9210100210040FC82 /* Products */ = {
			isa = PBXGroup;
			children = (
				392074E8210100210040FC82 /* ThisOrThat.app */,
				392074FC210100240040FC82 /* ThisOrThatTests.xctest */,
				39207507210100240040FC82 /* ThisOrThatUITests.xctest */,
			);
			name = Products;
			sourceTree = "<group>";
		};
		392074EA210100210040FC82 /* ThisOrThat */ = {
			isa = PBXGroup;
			children = (
				39EC5F9D21026C56003624B4 /* Resources */,
				399FA4E3210258790006A285 /* Views */,
				3912969C2101418C00AE1630 /* Models */,
				39E0ABE3210133F80021855D /* Helpers */,
				39057701210100DD00A3E9EE /* Controllers */,
				392074EB210100210040FC82 /* AppDelegate.swift */,
				392074ED210100220040FC82 /* ViewController.swift */,
				392074EF210100220040FC82 /* Main.storyboard */,
				392074F2210100230040FC82 /* Assets.xcassets */,
				392074F4210100230040FC82 /* LaunchScreen.storyboard */,
				392074F7210100230040FC82 /* Info.plist */,
			);
			path = ThisOrThat;
			sourceTree = "<group>";
		};
		392074FF210100240040FC82 /* ThisOrThatTests */ = {
			isa = PBXGroup;
			children = (
				39207500210100240040FC82 /* ThisOrThatTests.swift */,
				39207502210100240040FC82 /* Info.plist */,
			);
			path = ThisOrThatTests;
			sourceTree = "<group>";
		};
		3920750A210100240040FC82 /* ThisOrThatUITests */ = {
			isa = PBXGroup;
			children = (
				3920750B210100240040FC82 /* ThisOrThatUITests.swift */,
				3920750D210100240040FC82 /* Info.plist */,
			);
			path = ThisOrThatUITests;
			sourceTree = "<group>";
		};
		399FA4E3210258790006A285 /* Views */ = {
			isa = PBXGroup;
			children = (
				399FA4E4210258A90006A285 /* LoginView.swift */,
				39E7043C2106554C00567132 /* SignupView.swift */,
				39E7044021065B3700567132 /* ModalTextField.swift */,
				3965CCB5210B707C0049EAE2 /* PollCell.swift */,
				395479572118EAF800D8BC66 /* UserOptionsView.swift */,
				39BE2195211A159C00ECD8AA /* CommentCell.swift */,
			);
			path = Views;
			sourceTree = "<group>";
		};
		39E0ABE3210133F80021855D /* Helpers */ = {
			isa = PBXGroup;
			children = (
				39E0ABE4210134040021855D /* UIViewExtensions.swift */,
				3912969F2101438800AE1630 /* UserDefaultExtension.swift */,
				391296A121014A5700AE1630 /* TriangleView.swift */,
				39F118422107C7970084F5B9 /* APIServices.swift */,
				39F118442107CCC30084F5B9 /* Secrets.swift */,
				395CB2C4210BBD450020CD7D /* LabelAdjuster.swift */,
				395479552118B43A00D8BC66 /* UIImageViewExtensions.swift */,
			);
			path = Helpers;
			sourceTree = "<group>";
		};
		39EC5F9D21026C56003624B4 /* Resources */ = {
			isa = PBXGroup;
			children = (
				39EC5F9E21026C5D003624B4 /* Niveau-Grotesk-Bold.otf */,
				39EC5FA021027365003624B4 /* Niveau-Grotesk-Light-Smallcaps.otf */,
			);
			path = Resources;
			sourceTree = "<group>";
		};
		E175A93B33D4E71C57649E38 /* Frameworks */ = {
			isa = PBXGroup;
			children = (
				E54622FC5EC982F0EB588E01 /* Pods_ThisOrThat.framework */,
				9FB28E0B9548E77E2E561575 /* Pods_ThisOrThatTests.framework */,
				BC5C89C96BCBA14CF9A02693 /* Pods_ThisOrThatUITests.framework */,
			);
			name = Frameworks;
			sourceTree = "<group>";
		};
/* End PBXGroup section */

/* Begin PBXNativeTarget section */
		392074E7210100210040FC82 /* ThisOrThat */ = {
			isa = PBXNativeTarget;
			buildConfigurationList = 39207510210100240040FC82 /* Build configuration list for PBXNativeTarget "ThisOrThat" */;
			buildPhases = (
				5B88E505D85DC5263BDA923D /* [CP] Check Pods Manifest.lock */,
				392074E4210100210040FC82 /* Sources */,
				392074E5210100210040FC82 /* Frameworks */,
				392074E6210100210040FC82 /* Resources */,
				E2A6F26BFF64F84387CFD838 /* [CP] Embed Pods Frameworks */,
			);
			buildRules = (
			);
			dependencies = (
			);
			name = ThisOrThat;
			productName = ThisOrThat;
			productReference = 392074E8210100210040FC82 /* ThisOrThat.app */;
			productType = "com.apple.product-type.application";
		};
		392074FB210100240040FC82 /* ThisOrThatTests */ = {
			isa = PBXNativeTarget;
			buildConfigurationList = 39207513210100240040FC82 /* Build configuration list for PBXNativeTarget "ThisOrThatTests" */;
			buildPhases = (
				E9B70ED91293E9EC204517E6 /* [CP] Check Pods Manifest.lock */,
				392074F8210100240040FC82 /* Sources */,
				392074F9210100240040FC82 /* Frameworks */,
				392074FA210100240040FC82 /* Resources */,
			);
			buildRules = (
			);
			dependencies = (
				392074FE210100240040FC82 /* PBXTargetDependency */,
			);
			name = ThisOrThatTests;
			productName = ThisOrThatTests;
			productReference = 392074FC210100240040FC82 /* ThisOrThatTests.xctest */;
			productType = "com.apple.product-type.bundle.unit-test";
		};
		39207506210100240040FC82 /* ThisOrThatUITests */ = {
			isa = PBXNativeTarget;
			buildConfigurationList = 39207516210100240040FC82 /* Build configuration list for PBXNativeTarget "ThisOrThatUITests" */;
			buildPhases = (
				F26063008A189E25B52E136E /* [CP] Check Pods Manifest.lock */,
				39207503210100240040FC82 /* Sources */,
				39207504210100240040FC82 /* Frameworks */,
				39207505210100240040FC82 /* Resources */,
			);
			buildRules = (
			);
			dependencies = (
				39207509210100240040FC82 /* PBXTargetDependency */,
			);
			name = ThisOrThatUITests;
			productName = ThisOrThatUITests;
			productReference = 39207507210100240040FC82 /* ThisOrThatUITests.xctest */;
			productType = "com.apple.product-type.bundle.ui-testing";
		};
/* End PBXNativeTarget section */

/* Begin PBXProject section */
		392074E0210100210040FC82 /* Project object */ = {
			isa = PBXProject;
			attributes = {
				LastSwiftUpdateCheck = 0940;
				LastUpgradeCheck = 0940;
				ORGANIZATIONNAME = "Aatif Jiwani";
				TargetAttributes = {
					392074E7210100210040FC82 = {
						CreatedOnToolsVersion = 9.4.1;
					};
					392074FB210100240040FC82 = {
						CreatedOnToolsVersion = 9.4.1;
						TestTargetID = 392074E7210100210040FC82;
					};
					39207506210100240040FC82 = {
						CreatedOnToolsVersion = 9.4.1;
						TestTargetID = 392074E7210100210040FC82;
					};
				};
			};
			buildConfigurationList = 392074E3210100210040FC82 /* Build configuration list for PBXProject "ThisOrThat" */;
			compatibilityVersion = "Xcode 9.3";
			developmentRegion = en;
			hasScannedForEncodings = 0;
			knownRegions = (
				en,
				Base,
			);
			mainGroup = 392074DF210100210040FC82;
			productRefGroup = 392074E9210100210040FC82 /* Products */;
			projectDirPath = "";
			projectRoot = "";
			targets = (
				392074E7210100210040FC82 /* ThisOrThat */,
				392074FB210100240040FC82 /* ThisOrThatTests */,
				39207506210100240040FC82 /* ThisOrThatUITests */,
			);
		};
/* End PBXProject section */

/* Begin PBXResourcesBuildPhase section */
		392074E6210100210040FC82 /* Resources */ = {
			isa = PBXResourcesBuildPhase;
			buildActionMask = 2147483647;
			files = (
				39EC5F9F21026C5D003624B4 /* Niveau-Grotesk-Bold.otf in Resources */,
				392074F6210100230040FC82 /* LaunchScreen.storyboard in Resources */,
				39EC5FA1210273C1003624B4 /* Niveau-Grotesk-Light-Smallcaps.otf in Resources */,
				392074F3210100230040FC82 /* Assets.xcassets in Resources */,
				392074F1210100220040FC82 /* Main.storyboard in Resources */,
			);
			runOnlyForDeploymentPostprocessing = 0;
		};
		392074FA210100240040FC82 /* Resources */ = {
			isa = PBXResourcesBuildPhase;
			buildActionMask = 2147483647;
			files = (
			);
			runOnlyForDeploymentPostprocessing = 0;
		};
		39207505210100240040FC82 /* Resources */ = {
			isa = PBXResourcesBuildPhase;
			buildActionMask = 2147483647;
			files = (
			);
			runOnlyForDeploymentPostprocessing = 0;
		};
/* End PBXResourcesBuildPhase section */

/* Begin PBXShellScriptBuildPhase section */
		5B88E505D85DC5263BDA923D /* [CP] Check Pods Manifest.lock */ = {
			isa = PBXShellScriptBuildPhase;
			buildActionMask = 2147483647;
			files = (
			);
			inputPaths = (
				"${PODS_PODFILE_DIR_PATH}/Podfile.lock",
				"${PODS_ROOT}/Manifest.lock",
			);
			name = "[CP] Check Pods Manifest.lock";
			outputPaths = (
				"$(DERIVED_FILE_DIR)/Pods-ThisOrThat-checkManifestLockResult.txt",
			);
			runOnlyForDeploymentPostprocessing = 0;
			shellPath = /bin/sh;
			shellScript = "diff \"${PODS_PODFILE_DIR_PATH}/Podfile.lock\" \"${PODS_ROOT}/Manifest.lock\" > /dev/null\nif [ $? != 0 ] ; then\n    # print error to STDERR\n    echo \"error: The sandbox is not in sync with the Podfile.lock. Run 'pod install' or update your CocoaPods installation.\" >&2\n    exit 1\nfi\n# This output is used by Xcode 'outputs' to avoid re-running this script phase.\necho \"SUCCESS\" > \"${SCRIPT_OUTPUT_FILE_0}\"\n";
			showEnvVarsInLog = 0;
		};
		E2A6F26BFF64F84387CFD838 /* [CP] Embed Pods Frameworks */ = {
			isa = PBXShellScriptBuildPhase;
			buildActionMask = 2147483647;
			files = (
			);
			inputPaths = (
				"${SRCROOT}/Pods/Target Support Files/Pods-ThisOrThat/Pods-ThisOrThat-frameworks.sh",
				"${BUILT_PRODUCTS_DIR}/Alamofire/Alamofire.framework",
				"${BUILT_PRODUCTS_DIR}/SwiftyJSON/SwiftyJSON.framework",
			);
			name = "[CP] Embed Pods Frameworks";
			outputPaths = (
				"${TARGET_BUILD_DIR}/${FRAMEWORKS_FOLDER_PATH}/Alamofire.framework",
				"${TARGET_BUILD_DIR}/${FRAMEWORKS_FOLDER_PATH}/SwiftyJSON.framework",
			);
			runOnlyForDeploymentPostprocessing = 0;
			shellPath = /bin/sh;
			shellScript = "\"${SRCROOT}/Pods/Target Support Files/Pods-ThisOrThat/Pods-ThisOrThat-frameworks.sh\"\n";
			showEnvVarsInLog = 0;
		};
		E9B70ED91293E9EC204517E6 /* [CP] Check Pods Manifest.lock */ = {
			isa = PBXShellScriptBuildPhase;
			buildActionMask = 2147483647;
			files = (
			);
			inputPaths = (
				"${PODS_PODFILE_DIR_PATH}/Podfile.lock",
				"${PODS_ROOT}/Manifest.lock",
			);
			name = "[CP] Check Pods Manifest.lock";
			outputPaths = (
				"$(DERIVED_FILE_DIR)/Pods-ThisOrThatTests-checkManifestLockResult.txt",
			);
			runOnlyForDeploymentPostprocessing = 0;
			shellPath = /bin/sh;
			shellScript = "diff \"${PODS_PODFILE_DIR_PATH}/Podfile.lock\" \"${PODS_ROOT}/Manifest.lock\" > /dev/null\nif [ $? != 0 ] ; then\n    # print error to STDERR\n    echo \"error: The sandbox is not in sync with the Podfile.lock. Run 'pod install' or update your CocoaPods installation.\" >&2\n    exit 1\nfi\n# This output is used by Xcode 'outputs' to avoid re-running this script phase.\necho \"SUCCESS\" > \"${SCRIPT_OUTPUT_FILE_0}\"\n";
			showEnvVarsInLog = 0;
		};
		F26063008A189E25B52E136E /* [CP] Check Pods Manifest.lock */ = {
			isa = PBXShellScriptBuildPhase;
			buildActionMask = 2147483647;
			files = (
			);
			inputPaths = (
				"${PODS_PODFILE_DIR_PATH}/Podfile.lock",
				"${PODS_ROOT}/Manifest.lock",
			);
			name = "[CP] Check Pods Manifest.lock";
			outputPaths = (
				"$(DERIVED_FILE_DIR)/Pods-ThisOrThatUITests-checkManifestLockResult.txt",
			);
			runOnlyForDeploymentPostprocessing = 0;
			shellPath = /bin/sh;
			shellScript = "diff \"${PODS_PODFILE_DIR_PATH}/Podfile.lock\" \"${PODS_ROOT}/Manifest.lock\" > /dev/null\nif [ $? != 0 ] ; then\n    # print error to STDERR\n    echo \"error: The sandbox is not in sync with the Podfile.lock. Run 'pod install' or update your CocoaPods installation.\" >&2\n    exit 1\nfi\n# This output is used by Xcode 'outputs' to avoid re-running this script phase.\necho \"SUCCESS\" > \"${SCRIPT_OUTPUT_FILE_0}\"\n";
			showEnvVarsInLog = 0;
		};
/* End PBXShellScriptBuildPhase section */

/* Begin PBXSourcesBuildPhase section */
		392074E4210100210040FC82 /* Sources */ = {
			isa = PBXSourcesBuildPhase;
			buildActionMask = 2147483647;
			files = (
				39BE2196211A159C00ECD8AA /* CommentCell.swift in Sources */,
				395479582118EAF800D8BC66 /* UserOptionsView.swift in Sources */,
				395CB2C5210BBD450020CD7D /* LabelAdjuster.swift in Sources */,
				39E7043D2106554C00567132 /* SignupView.swift in Sources */,
				395479562118B43A00D8BC66 /* UIImageViewExtensions.swift in Sources */,
				39F118452107CCC30084F5B9 /* Secrets.swift in Sources */,
				39F118432107C7970084F5B9 /* APIServices.swift in Sources */,
				392074EE210100220040FC82 /* ViewController.swift in Sources */,
				39E0ABE5210134040021855D /* UIViewExtensions.swift in Sources */,
				39BE21942119FAEB00ECD8AA /* SinglePollController.swift in Sources */,
				39E7044121065B3700567132 /* ModalTextField.swift in Sources */,
				39057703210100F500A3E9EE /* IndexController.swift in Sources */,
				392074EC210100210040FC82 /* AppDelegate.swift in Sources */,
				391296A02101438800AE1630 /* UserDefaultExtension.swift in Sources */,
				391296A221014A5700AE1630 /* TriangleView.swift in Sources */,
				39BE2198211A413600ECD8AA /* Comment.swift in Sources */,
				395CB2C3210BB53E0020CD7D /* Poll.swift in Sources */,
				3965CCB6210B707C0049EAE2 /* PollCell.swift in Sources */,
				399FA4E5210258A90006A285 /* LoginView.swift in Sources */,
				3912969E210141B900AE1630 /* User.swift in Sources */,
			);
			runOnlyForDeploymentPostprocessing = 0;
		};
		392074F8210100240040FC82 /* Sources */ = {
			isa = PBXSourcesBuildPhase;
			buildActionMask = 2147483647;
			files = (
				39207501210100240040FC82 /* ThisOrThatTests.swift in Sources */,
			);
			runOnlyForDeploymentPostprocessing = 0;
		};
		39207503210100240040FC82 /* Sources */ = {
			isa = PBXSourcesBuildPhase;
			buildActionMask = 2147483647;
			files = (
				3920750C210100240040FC82 /* ThisOrThatUITests.swift in Sources */,
			);
			runOnlyForDeploymentPostprocessing = 0;
		};
/* End PBXSourcesBuildPhase section */

/* Begin PBXTargetDependency section */
		392074FE210100240040FC82 /* PBXTargetDependency */ = {
			isa = PBXTargetDependency;
			target = 392074E7210100210040FC82 /* ThisOrThat */;
			targetProxy = 392074FD210100240040FC82 /* PBXContainerItemProxy */;
		};
		39207509210100240040FC82 /* PBXTargetDependency */ = {
			isa = PBXTargetDependency;
			target = 392074E7210100210040FC82 /* ThisOrThat */;
			targetProxy = 39207508210100240040FC82 /* PBXContainerItemProxy */;
		};
/* End PBXTargetDependency section */

/* Begin PBXVariantGroup section */
		392074EF210100220040FC82 /* Main.storyboard */ = {
			isa = PBXVariantGroup;
			children = (
				392074F0210100220040FC82 /* Base */,
			);
			name = Main.storyboard;
			sourceTree = "<group>";
		};
		392074F4210100230040FC82 /* LaunchScreen.storyboard */ = {
			isa = PBXVariantGroup;
			children = (
				392074F5210100230040FC82 /* Base */,
			);
			name = LaunchScreen.storyboard;
			sourceTree = "<group>";
		};
/* End PBXVariantGroup section */

/* Begin XCBuildConfiguration section */
		3920750E210100240040FC82 /* Debug */ = {
			isa = XCBuildConfiguration;
			buildSettings = {
				ALWAYS_SEARCH_USER_PATHS = NO;
				CLANG_ANALYZER_NONNULL = YES;
				CLANG_ANALYZER_NUMBER_OBJECT_CONVERSION = YES_AGGRESSIVE;
				CLANG_CXX_LANGUAGE_STANDARD = "gnu++14";
				CLANG_CXX_LIBRARY = "libc++";
				CLANG_ENABLE_MODULES = YES;
				CLANG_ENABLE_OBJC_ARC = YES;
				CLANG_ENABLE_OBJC_WEAK = YES;
				CLANG_WARN_BLOCK_CAPTURE_AUTORELEASING = YES;
				CLANG_WARN_BOOL_CONVERSION = YES;
				CLANG_WARN_COMMA = YES;
				CLANG_WARN_CONSTANT_CONVERSION = YES;
				CLANG_WARN_DEPRECATED_OBJC_IMPLEMENTATIONS = YES;
				CLANG_WARN_DIRECT_OBJC_ISA_USAGE = YES_ERROR;
				CLANG_WARN_DOCUMENTATION_COMMENTS = YES;
				CLANG_WARN_EMPTY_BODY = YES;
				CLANG_WARN_ENUM_CONVERSION = YES;
				CLANG_WARN_INFINITE_RECURSION = YES;
				CLANG_WARN_INT_CONVERSION = YES;
				CLANG_WARN_NON_LITERAL_NULL_CONVERSION = YES;
				CLANG_WARN_OBJC_IMPLICIT_RETAIN_SELF = YES;
				CLANG_WARN_OBJC_LITERAL_CONVERSION = YES;
				CLANG_WARN_OBJC_ROOT_CLASS = YES_ERROR;
				CLANG_WARN_RANGE_LOOP_ANALYSIS = YES;
				CLANG_WARN_STRICT_PROTOTYPES = YES;
				CLANG_WARN_SUSPICIOUS_MOVE = YES;
				CLANG_WARN_UNGUARDED_AVAILABILITY = YES_AGGRESSIVE;
				CLANG_WARN_UNREACHABLE_CODE = YES;
				CLANG_WARN__DUPLICATE_METHOD_MATCH = YES;
				CODE_SIGN_IDENTITY = "iPhone Developer";
				COPY_PHASE_STRIP = NO;
				DEBUG_INFORMATION_FORMAT = dwarf;
				ENABLE_STRICT_OBJC_MSGSEND = YES;
				ENABLE_TESTABILITY = YES;
				GCC_C_LANGUAGE_STANDARD = gnu11;
				GCC_DYNAMIC_NO_PIC = NO;
				GCC_NO_COMMON_BLOCKS = YES;
				GCC_OPTIMIZATION_LEVEL = 0;
				GCC_PREPROCESSOR_DEFINITIONS = (
					"DEBUG=1",
					"$(inherited)",
				);
				GCC_WARN_64_TO_32_BIT_CONVERSION = YES;
				GCC_WARN_ABOUT_RETURN_TYPE = YES_ERROR;
				GCC_WARN_UNDECLARED_SELECTOR = YES;
				GCC_WARN_UNINITIALIZED_AUTOS = YES_AGGRESSIVE;
				GCC_WARN_UNUSED_FUNCTION = YES;
				GCC_WARN_UNUSED_VARIABLE = YES;
				IPHONEOS_DEPLOYMENT_TARGET = 11.4;
				MTL_ENABLE_DEBUG_INFO = YES;
				ONLY_ACTIVE_ARCH = YES;
				SDKROOT = iphoneos;
				SWIFT_ACTIVE_COMPILATION_CONDITIONS = DEBUG;
				SWIFT_OPTIMIZATION_LEVEL = "-Onone";
			};
			name = Debug;
		};
		3920750F210100240040FC82 /* Release */ = {
			isa = XCBuildConfiguration;
			buildSettings = {
				ALWAYS_SEARCH_USER_PATHS = NO;
				CLANG_ANALYZER_NONNULL = YES;
				CLANG_ANALYZER_NUMBER_OBJECT_CONVERSION = YES_AGGRESSIVE;
				CLANG_CXX_LANGUAGE_STANDARD = "gnu++14";
				CLANG_CXX_LIBRARY = "libc++";
				CLANG_ENABLE_MODULES = YES;
				CLANG_ENABLE_OBJC_ARC = YES;
				CLANG_ENABLE_OBJC_WEAK = YES;
				CLANG_WARN_BLOCK_CAPTURE_AUTORELEASING = YES;
				CLANG_WARN_BOOL_CONVERSION = YES;
				CLANG_WARN_COMMA = YES;
				CLANG_WARN_CONSTANT_CONVERSION = YES;
				CLANG_WARN_DEPRECATED_OBJC_IMPLEMENTATIONS = YES;
				CLANG_WARN_DIRECT_OBJC_ISA_USAGE = YES_ERROR;
				CLANG_WARN_DOCUMENTATION_COMMENTS = YES;
				CLANG_WARN_EMPTY_BODY = YES;
				CLANG_WARN_ENUM_CONVERSION = YES;
				CLANG_WARN_INFINITE_RECURSION = YES;
				CLANG_WARN_INT_CONVERSION = YES;
				CLANG_WARN_NON_LITERAL_NULL_CONVERSION = YES;
				CLANG_WARN_OBJC_IMPLICIT_RETAIN_SELF = YES;
				CLANG_WARN_OBJC_LITERAL_CONVERSION = YES;
				CLANG_WARN_OBJC_ROOT_CLASS = YES_ERROR;
				CLANG_WARN_RANGE_LOOP_ANALYSIS = YES;
				CLANG_WARN_STRICT_PROTOTYPES = YES;
				CLANG_WARN_SUSPICIOUS_MOVE = YES;
				CLANG_WARN_UNGUARDED_AVAILABILITY = YES_AGGRESSIVE;
				CLANG_WARN_UNREACHABLE_CODE = YES;
				CLANG_WARN__DUPLICATE_METHOD_MATCH = YES;
				CODE_SIGN_IDENTITY = "iPhone Developer";
				COPY_PHASE_STRIP = NO;
				DEBUG_INFORMATION_FORMAT = "dwarf-with-dsym";
				ENABLE_NS_ASSERTIONS = NO;
				ENABLE_STRICT_OBJC_MSGSEND = YES;
				GCC_C_LANGUAGE_STANDARD = gnu11;
				GCC_NO_COMMON_BLOCKS = YES;
				GCC_WARN_64_TO_32_BIT_CONVERSION = YES;
				GCC_WARN_ABOUT_RETURN_TYPE = YES_ERROR;
				GCC_WARN_UNDECLARED_SELECTOR = YES;
				GCC_WARN_UNINITIALIZED_AUTOS = YES_AGGRESSIVE;
				GCC_WARN_UNUSED_FUNCTION = YES;
				GCC_WARN_UNUSED_VARIABLE = YES;
				IPHONEOS_DEPLOYMENT_TARGET = 11.4;
				MTL_ENABLE_DEBUG_INFO = NO;
				SDKROOT = iphoneos;
				SWIFT_COMPILATION_MODE = wholemodule;
				SWIFT_OPTIMIZATION_LEVEL = "-O";
				VALIDATE_PRODUCT = YES;
			};
			name = Release;
		};
		39207511210100240040FC82 /* Debug */ = {
			isa = XCBuildConfiguration;
			baseConfigurationReference = 327C2F2AE36CF68F19D35EB6 /* Pods-ThisOrThat.debug.xcconfig */;
			buildSettings = {
				ASSETCATALOG_COMPILER_APPICON_NAME = AppIcon;
				CODE_SIGN_STYLE = Automatic;
				DEVELOPMENT_TEAM = HUE763S54R;
				INFOPLIST_FILE = ThisOrThat/Info.plist;
				LD_RUNPATH_SEARCH_PATHS = (
					"$(inherited)",
					"@executable_path/Frameworks",
				);
				PRODUCT_BUNDLE_IDENTIFIER = com.aatifjiwani.ThisOrThat;
				PRODUCT_NAME = "$(TARGET_NAME)";
				SWIFT_VERSION = 4.0;
				TARGETED_DEVICE_FAMILY = 1;
			};
			name = Debug;
		};
		39207512210100240040FC82 /* Release */ = {
			isa = XCBuildConfiguration;
			baseConfigurationReference = C1F9F827F5C30D42D1F9D2B5 /* Pods-ThisOrThat.release.xcconfig */;
			buildSettings = {
				ASSETCATALOG_COMPILER_APPICON_NAME = AppIcon;
				CODE_SIGN_STYLE = Automatic;
				DEVELOPMENT_TEAM = HUE763S54R;
				INFOPLIST_FILE = ThisOrThat/Info.plist;
				LD_RUNPATH_SEARCH_PATHS = (
					"$(inherited)",
					"@executable_path/Frameworks",
				);
				PRODUCT_BUNDLE_IDENTIFIER = com.aatifjiwani.ThisOrThat;
				PRODUCT_NAME = "$(TARGET_NAME)";
				SWIFT_VERSION = 4.0;
				TARGETED_DEVICE_FAMILY = 1;
			};
			name = Release;
		};
		39207514210100240040FC82 /* Debug */ = {
			isa = XCBuildConfiguration;
			baseConfigurationReference = E0C335925536390A36FFB9FE /* Pods-ThisOrThatTests.debug.xcconfig */;
			buildSettings = {
				ALWAYS_EMBED_SWIFT_STANDARD_LIBRARIES = YES;
				BUNDLE_LOADER = "$(TEST_HOST)";
				CODE_SIGN_STYLE = Automatic;
				DEVELOPMENT_TEAM = HUE763S54R;
				INFOPLIST_FILE = ThisOrThatTests/Info.plist;
				LD_RUNPATH_SEARCH_PATHS = (
					"$(inherited)",
					"@executable_path/Frameworks",
					"@loader_path/Frameworks",
				);
				PRODUCT_BUNDLE_IDENTIFIER = com.aatifjiwani.ThisOrThatTests;
				PRODUCT_NAME = "$(TARGET_NAME)";
				SWIFT_VERSION = 4.0;
				TARGETED_DEVICE_FAMILY = "1,2";
				TEST_HOST = "$(BUILT_PRODUCTS_DIR)/ThisOrThat.app/ThisOrThat";
			};
			name = Debug;
		};
		39207515210100240040FC82 /* Release */ = {
			isa = XCBuildConfiguration;
			baseConfigurationReference = F846F0F61705BCEDEE9D7725 /* Pods-ThisOrThatTests.release.xcconfig */;
			buildSettings = {
				ALWAYS_EMBED_SWIFT_STANDARD_LIBRARIES = YES;
				BUNDLE_LOADER = "$(TEST_HOST)";
				CODE_SIGN_STYLE = Automatic;
				DEVELOPMENT_TEAM = HUE763S54R;
				INFOPLIST_FILE = ThisOrThatTests/Info.plist;
				LD_RUNPATH_SEARCH_PATHS = (
					"$(inherited)",
					"@executable_path/Frameworks",
					"@loader_path/Frameworks",
				);
				PRODUCT_BUNDLE_IDENTIFIER = com.aatifjiwani.ThisOrThatTests;
				PRODUCT_NAME = "$(TARGET_NAME)";
				SWIFT_VERSION = 4.0;
				TARGETED_DEVICE_FAMILY = "1,2";
				TEST_HOST = "$(BUILT_PRODUCTS_DIR)/ThisOrThat.app/ThisOrThat";
			};
			name = Release;
		};
		39207517210100240040FC82 /* Debug */ = {
			isa = XCBuildConfiguration;
			baseConfigurationReference = 2D7BEB6F20E7894F7923B8F4 /* Pods-ThisOrThatUITests.debug.xcconfig */;
			buildSettings = {
				ALWAYS_EMBED_SWIFT_STANDARD_LIBRARIES = YES;
				CODE_SIGN_STYLE = Automatic;
				DEVELOPMENT_TEAM = HUE763S54R;
				INFOPLIST_FILE = ThisOrThatUITests/Info.plist;
				LD_RUNPATH_SEARCH_PATHS = (
					"$(inherited)",
					"@executable_path/Frameworks",
					"@loader_path/Frameworks",
				);
				PRODUCT_BUNDLE_IDENTIFIER = com.aatifjiwani.ThisOrThatUITests;
				PRODUCT_NAME = "$(TARGET_NAME)";
				SWIFT_VERSION = 4.0;
				TARGETED_DEVICE_FAMILY = "1,2";
				TEST_TARGET_NAME = ThisOrThat;
			};
			name = Debug;
		};
		39207518210100240040FC82 /* Release */ = {
			isa = XCBuildConfiguration;
			baseConfigurationReference = 7FA2F7104EF3D5E1FBBC7707 /* Pods-ThisOrThatUITests.release.xcconfig */;
			buildSettings = {
				ALWAYS_EMBED_SWIFT_STANDARD_LIBRARIES = YES;
				CODE_SIGN_STYLE = Automatic;
				DEVELOPMENT_TEAM = HUE763S54R;
				INFOPLIST_FILE = ThisOrThatUITests/Info.plist;
				LD_RUNPATH_SEARCH_PATHS = (
					"$(inherited)",
					"@executable_path/Frameworks",
					"@loader_path/Frameworks",
				);
				PRODUCT_BUNDLE_IDENTIFIER = com.aatifjiwani.ThisOrThatUITests;
				PRODUCT_NAME = "$(TARGET_NAME)";
				SWIFT_VERSION = 4.0;
				TARGETED_DEVICE_FAMILY = "1,2";
				TEST_TARGET_NAME = ThisOrThat;
			};
			name = Release;
		};
/* End XCBuildConfiguration section */

/* Begin XCConfigurationList section */
		392074E3210100210040FC82 /* Build configuration list for PBXProject "ThisOrThat" */ = {
			isa = XCConfigurationList;
			buildConfigurations = (
				3920750E210100240040FC82 /* Debug */,
				3920750F210100240040FC82 /* Release */,
			);
			defaultConfigurationIsVisible = 0;
			defaultConfigurationName = Release;
		};
		39207510210100240040FC82 /* Build configuration list for PBXNativeTarget "ThisOrThat" */ = {
			isa = XCConfigurationList;
			buildConfigurations = (
				39207511210100240040FC82 /* Debug */,
				39207512210100240040FC82 /* Release */,
			);
			defaultConfigurationIsVisible = 0;
			defaultConfigurationName = Release;
		};
		39207513210100240040FC82 /* Build configuration list for PBXNativeTarget "ThisOrThatTests" */ = {
			isa = XCConfigurationList;
			buildConfigurations = (
				39207514210100240040FC82 /* Debug */,
				39207515210100240040FC82 /* Release */,
			);
			defaultConfigurationIsVisible = 0;
			defaultConfigurationName = Release;
		};
		39207516210100240040FC82 /* Build configuration list for PBXNativeTarget "ThisOrThatUITests" */ = {
			isa = XCConfigurationList;
			buildConfigurations = (
				39207517210100240040FC82 /* Debug */,
				39207518210100240040FC82 /* Release */,
			);
			defaultConfigurationIsVisible = 0;
			defaultConfigurationName = Release;
		};
/* End XCConfigurationList section */
	};
	rootObject = 392074E0210100210040FC82 /* Project object */;
}
