// !$*UTF8*$!
{
	archiveVersion = 1;
	classes = {
	};
	objectVersion = 50;
	objects = {

/* Begin PBXBuildFile section */
		1C3E234338F1AEC1A07ABC62 /* Pods_gameofchatsUITests.framework in Frameworks */ = {isa = PBXBuildFile; fileRef = EA6A10CC81A2C404720BE052 /* Pods_gameofchatsUITests.framework */; };
		391CC82120F91A180079596C /* Extensions.swift in Sources */ = {isa = PBXBuildFile; fileRef = 391CC82020F91A180079596C /* Extensions.swift */; };
		391CC82320F930860079596C /* ChatController.swift in Sources */ = {isa = PBXBuildFile; fileRef = 391CC82220F930860079596C /* ChatController.swift */; };
		391CC82520F94AFC0079596C /* Message.swift in Sources */ = {isa = PBXBuildFile; fileRef = 391CC82420F94AFC0079596C /* Message.swift */; };
		391CC82820F94F3F0079596C /* UserCell.swift in Sources */ = {isa = PBXBuildFile; fileRef = 391CC82720F94F3F0079596C /* UserCell.swift */; };
		39322AEF20F6745100DA35B4 /* GoogleService-Info.plist in Resources */ = {isa = PBXBuildFile; fileRef = 39322AEE20F6745100DA35B4 /* GoogleService-Info.plist */; };
		397396EF20F6AAE3001C5063 /* NewMessageController.swift in Sources */ = {isa = PBXBuildFile; fileRef = 397396EE20F6AAE3001C5063 /* NewMessageController.swift */; };
		397396F220F6AFF9001C5063 /* User.swift in Sources */ = {isa = PBXBuildFile; fileRef = 397396F120F6AFF9001C5063 /* User.swift */; };
		397A834B20F6BCA7004F026F /* LoginController+handlers.swift in Sources */ = {isa = PBXBuildFile; fileRef = 397A834A20F6BCA7004F026F /* LoginController+handlers.swift */; };
		39A390D120FE6906000F4E95 /* MessageCell.swift in Sources */ = {isa = PBXBuildFile; fileRef = 39A390D020FE6906000F4E95 /* MessageCell.swift */; };
		39AC26BC20F661B5002FBB63 /* AppDelegate.swift in Sources */ = {isa = PBXBuildFile; fileRef = 39AC26BB20F661B5002FBB63 /* AppDelegate.swift */; };
		39AC26BE20F661B5002FBB63 /* MessagesController.swift in Sources */ = {isa = PBXBuildFile; fileRef = 39AC26BD20F661B5002FBB63 /* MessagesController.swift */; };
		39AC26C120F661B5002FBB63 /* Main.storyboard in Resources */ = {isa = PBXBuildFile; fileRef = 39AC26BF20F661B5002FBB63 /* Main.storyboard */; };
		39AC26C320F661B7002FBB63 /* Assets.xcassets in Resources */ = {isa = PBXBuildFile; fileRef = 39AC26C220F661B7002FBB63 /* Assets.xcassets */; };
		39AC26C620F661B7002FBB63 /* LaunchScreen.storyboard in Resources */ = {isa = PBXBuildFile; fileRef = 39AC26C420F661B7002FBB63 /* LaunchScreen.storyboard */; };
		39AC26D120F661B7002FBB63 /* gameofchatsTests.swift in Sources */ = {isa = PBXBuildFile; fileRef = 39AC26D020F661B7002FBB63 /* gameofchatsTests.swift */; };
		39AC26DC20F661B7002FBB63 /* gameofchatsUITests.swift in Sources */ = {isa = PBXBuildFile; fileRef = 39AC26DB20F661B7002FBB63 /* gameofchatsUITests.swift */; };
		39AC26EB20F664BF002FBB63 /* LoginController.swift in Sources */ = {isa = PBXBuildFile; fileRef = 39AC26EA20F664BF002FBB63 /* LoginController.swift */; };
		39F44EAF20F80BCD00D3B2C1 /* APICalls.swift in Sources */ = {isa = PBXBuildFile; fileRef = 39F44EAE20F80BCD00D3B2C1 /* APICalls.swift */; };
		64DCDCC60623E57FC8CE37CA /* Pods_gameofchatsTests.framework in Frameworks */ = {isa = PBXBuildFile; fileRef = 6444518B491671D723BF4091 /* Pods_gameofchatsTests.framework */; };
		D92ED48D3A2CA1D6CF756407 /* Pods_gameofchats.framework in Frameworks */ = {isa = PBXBuildFile; fileRef = 77A18E5635B320BF14E3021C /* Pods_gameofchats.framework */; };
/* End PBXBuildFile section */

/* Begin PBXContainerItemProxy section */
		39AC26CD20F661B7002FBB63 /* PBXContainerItemProxy */ = {
			isa = PBXContainerItemProxy;
			containerPortal = 39AC26B020F661B5002FBB63 /* Project object */;
			proxyType = 1;
			remoteGlobalIDString = 39AC26B720F661B5002FBB63;
			remoteInfo = gameofchats;
		};
		39AC26D820F661B7002FBB63 /* PBXContainerItemProxy */ = {
			isa = PBXContainerItemProxy;
			containerPortal = 39AC26B020F661B5002FBB63 /* Project object */;
			proxyType = 1;
			remoteGlobalIDString = 39AC26B720F661B5002FBB63;
			remoteInfo = gameofchats;
		};
/* End PBXContainerItemProxy section */

/* Begin PBXFileReference section */
		0183B987C674124700FE9AD8 /* Pods-gameofchatsUITests.debug.xcconfig */ = {isa = PBXFileReference; includeInIndex = 1; lastKnownFileType = text.xcconfig; name = "Pods-gameofchatsUITests.debug.xcconfig"; path = "Pods/Target Support Files/Pods-gameofchatsUITests/Pods-gameofchatsUITests.debug.xcconfig"; sourceTree = "<group>"; };
		0A462B930B76BFB789923C7F /* Pods-gameofchatsTests.debug.xcconfig */ = {isa = PBXFileReference; includeInIndex = 1; lastKnownFileType = text.xcconfig; name = "Pods-gameofchatsTests.debug.xcconfig"; path = "Pods/Target Support Files/Pods-gameofchatsTests/Pods-gameofchatsTests.debug.xcconfig"; sourceTree = "<group>"; };
		15E65CAC980B8822373080D2 /* Pods-gameofchats.debug.xcconfig */ = {isa = PBXFileReference; includeInIndex = 1; lastKnownFileType = text.xcconfig; name = "Pods-gameofchats.debug.xcconfig"; path = "Pods/Target Support Files/Pods-gameofchats/Pods-gameofchats.debug.xcconfig"; sourceTree = "<group>"; };
		391CC82020F91A180079596C /* Extensions.swift */ = {isa = PBXFileReference; lastKnownFileType = sourcecode.swift; path = Extensions.swift; sourceTree = "<group>"; };
		391CC82220F930860079596C /* ChatController.swift */ = {isa = PBXFileReference; lastKnownFileType = sourcecode.swift; path = ChatController.swift; sourceTree = "<group>"; };
		391CC82420F94AFC0079596C /* Message.swift */ = {isa = PBXFileReference; lastKnownFileType = sourcecode.swift; path = Message.swift; sourceTree = "<group>"; };
		391CC82720F94F3F0079596C /* UserCell.swift */ = {isa = PBXFileReference; lastKnownFileType = sourcecode.swift; path = UserCell.swift; sourceTree = "<group>"; };
		39322AEE20F6745100DA35B4 /* GoogleService-Info.plist */ = {isa = PBXFileReference; fileEncoding = 4; lastKnownFileType = text.plist.xml; name = "GoogleService-Info.plist"; path = "../../GoogleService-Info.plist"; sourceTree = "<group>"; };
		397396EE20F6AAE3001C5063 /* NewMessageController.swift */ = {isa = PBXFileReference; lastKnownFileType = sourcecode.swift; path = NewMessageController.swift; sourceTree = "<group>"; };
		397396F120F6AFF9001C5063 /* User.swift */ = {isa = PBXFileReference; lastKnownFileType = sourcecode.swift; path = User.swift; sourceTree = "<group>"; };
		397A834A20F6BCA7004F026F /* LoginController+handlers.swift */ = {isa = PBXFileReference; lastKnownFileType = sourcecode.swift; path = "LoginController+handlers.swift"; sourceTree = "<group>"; };
		39A390D020FE6906000F4E95 /* MessageCell.swift */ = {isa = PBXFileReference; lastKnownFileType = sourcecode.swift; path = MessageCell.swift; sourceTree = "<group>"; };
		39AC26B820F661B5002FBB63 /* gameofchats.app */ = {isa = PBXFileReference; explicitFileType = wrapper.application; includeInIndex = 0; path = gameofchats.app; sourceTree = BUILT_PRODUCTS_DIR; };
		39AC26BB20F661B5002FBB63 /* AppDelegate.swift */ = {isa = PBXFileReference; lastKnownFileType = sourcecode.swift; path = AppDelegate.swift; sourceTree = "<group>"; };
		39AC26BD20F661B5002FBB63 /* MessagesController.swift */ = {isa = PBXFileReference; lastKnownFileType = sourcecode.swift; path = MessagesController.swift; sourceTree = "<group>"; };
		39AC26C020F661B5002FBB63 /* Base */ = {isa = PBXFileReference; lastKnownFileType = file.storyboard; name = Base; path = Base.lproj/Main.storyboard; sourceTree = "<group>"; };
		39AC26C220F661B7002FBB63 /* Assets.xcassets */ = {isa = PBXFileReference; lastKnownFileType = folder.assetcatalog; path = Assets.xcassets; sourceTree = "<group>"; };
		39AC26C520F661B7002FBB63 /* Base */ = {isa = PBXFileReference; lastKnownFileType = file.storyboard; name = Base; path = Base.lproj/LaunchScreen.storyboard; sourceTree = "<group>"; };
		39AC26C720F661B7002FBB63 /* Info.plist */ = {isa = PBXFileReference; lastKnownFileType = text.plist.xml; path = Info.plist; sourceTree = "<group>"; };
		39AC26CC20F661B7002FBB63 /* gameofchatsTests.xctest */ = {isa = PBXFileReference; explicitFileType = wrapper.cfbundle; includeInIndex = 0; path = gameofchatsTests.xctest; sourceTree = BUILT_PRODUCTS_DIR; };
		39AC26D020F661B7002FBB63 /* gameofchatsTests.swift */ = {isa = PBXFileReference; lastKnownFileType = sourcecode.swift; path = gameofchatsTests.swift; sourceTree = "<group>"; };
		39AC26D220F661B7002FBB63 /* Info.plist */ = {isa = PBXFileReference; lastKnownFileType = text.plist.xml; path = Info.plist; sourceTree = "<group>"; };
		39AC26D720F661B7002FBB63 /* gameofchatsUITests.xctest */ = {isa = PBXFileReference; explicitFileType = wrapper.cfbundle; includeInIndex = 0; path = gameofchatsUITests.xctest; sourceTree = BUILT_PRODUCTS_DIR; };
		39AC26DB20F661B7002FBB63 /* gameofchatsUITests.swift */ = {isa = PBXFileReference; lastKnownFileType = sourcecode.swift; path = gameofchatsUITests.swift; sourceTree = "<group>"; };
		39AC26DD20F661B7002FBB63 /* Info.plist */ = {isa = PBXFileReference; lastKnownFileType = text.plist.xml; path = Info.plist; sourceTree = "<group>"; };
		39AC26EA20F664BF002FBB63 /* LoginController.swift */ = {isa = PBXFileReference; lastKnownFileType = sourcecode.swift; path = LoginController.swift; sourceTree = "<group>"; };
		39F44EAE20F80BCD00D3B2C1 /* APICalls.swift */ = {isa = PBXFileReference; lastKnownFileType = sourcecode.swift; path = APICalls.swift; sourceTree = "<group>"; };
		6444518B491671D723BF4091 /* Pods_gameofchatsTests.framework */ = {isa = PBXFileReference; explicitFileType = wrapper.framework; includeInIndex = 0; path = Pods_gameofchatsTests.framework; sourceTree = BUILT_PRODUCTS_DIR; };
		6AF35E581A4FCF7D3126A962 /* Pods-gameofchatsUITests.release.xcconfig */ = {isa = PBXFileReference; includeInIndex = 1; lastKnownFileType = text.xcconfig; name = "Pods-gameofchatsUITests.release.xcconfig"; path = "Pods/Target Support Files/Pods-gameofchatsUITests/Pods-gameofchatsUITests.release.xcconfig"; sourceTree = "<group>"; };
		77A18E5635B320BF14E3021C /* Pods_gameofchats.framework */ = {isa = PBXFileReference; explicitFileType = wrapper.framework; includeInIndex = 0; path = Pods_gameofchats.framework; sourceTree = BUILT_PRODUCTS_DIR; };
		90DE31830860A410281E0F32 /* Pods-gameofchatsTests.release.xcconfig */ = {isa = PBXFileReference; includeInIndex = 1; lastKnownFileType = text.xcconfig; name = "Pods-gameofchatsTests.release.xcconfig"; path = "Pods/Target Support Files/Pods-gameofchatsTests/Pods-gameofchatsTests.release.xcconfig"; sourceTree = "<group>"; };
		BAB80AF108A6DA440B36129A /* Pods-gameofchats.release.xcconfig */ = {isa = PBXFileReference; includeInIndex = 1; lastKnownFileType = text.xcconfig; name = "Pods-gameofchats.release.xcconfig"; path = "Pods/Target Support Files/Pods-gameofchats/Pods-gameofchats.release.xcconfig"; sourceTree = "<group>"; };
		EA6A10CC81A2C404720BE052 /* Pods_gameofchatsUITests.framework */ = {isa = PBXFileReference; explicitFileType = wrapper.framework; includeInIndex = 0; path = Pods_gameofchatsUITests.framework; sourceTree = BUILT_PRODUCTS_DIR; };
/* End PBXFileReference section */

/* Begin PBXFrameworksBuildPhase section */
		39AC26B520F661B5002FBB63 /* Frameworks */ = {
			isa = PBXFrameworksBuildPhase;
			buildActionMask = 2147483647;
			files = (
				D92ED48D3A2CA1D6CF756407 /* Pods_gameofchats.framework in Frameworks */,
			);
			runOnlyForDeploymentPostprocessing = 0;
		};
		39AC26C920F661B7002FBB63 /* Frameworks */ = {
			isa = PBXFrameworksBuildPhase;
			buildActionMask = 2147483647;
			files = (
				64DCDCC60623E57FC8CE37CA /* Pods_gameofchatsTests.framework in Frameworks */,
			);
			runOnlyForDeploymentPostprocessing = 0;
		};
		39AC26D420F661B7002FBB63 /* Frameworks */ = {
			isa = PBXFrameworksBuildPhase;
			buildActionMask = 2147483647;
			files = (
				1C3E234338F1AEC1A07ABC62 /* Pods_gameofchatsUITests.framework in Frameworks */,
			);
			runOnlyForDeploymentPostprocessing = 0;
		};
/* End PBXFrameworksBuildPhase section */

/* Begin PBXGroup section */
		391CC81F20F91A0D0079596C /* Helpers */ = {
			isa = PBXGroup;
			children = (
				391CC82020F91A180079596C /* Extensions.swift */,
			);
			path = Helpers;
			sourceTree = "<group>";
		};
		391CC82620F94F350079596C /* View */ = {
			isa = PBXGroup;
			children = (
				391CC82720F94F3F0079596C /* UserCell.swift */,
				39A390D020FE6906000F4E95 /* MessageCell.swift */,
			);
			path = View;
			sourceTree = "<group>";
		};
		397396F020F6AFEE001C5063 /* Models */ = {
			isa = PBXGroup;
			children = (
				397396F120F6AFF9001C5063 /* User.swift */,
				391CC82420F94AFC0079596C /* Message.swift */,
			);
			path = Models;
			sourceTree = "<group>";
		};
		39AC26AF20F661B5002FBB63 = {
			isa = PBXGroup;
			children = (
				39AC26BA20F661B5002FBB63 /* gameofchats */,
				39AC26CF20F661B7002FBB63 /* gameofchatsTests */,
				39AC26DA20F661B7002FBB63 /* gameofchatsUITests */,
				39AC26B920F661B5002FBB63 /* Products */,
				431F02E3DF66FC07F7196648 /* Pods */,
				4BFDD159E027614E3DB6226E /* Frameworks */,
			);
			sourceTree = "<group>";
		};
		39AC26B920F661B5002FBB63 /* Products */ = {
			isa = PBXGroup;
			children = (
				39AC26B820F661B5002FBB63 /* gameofchats.app */,
				39AC26CC20F661B7002FBB63 /* gameofchatsTests.xctest */,
				39AC26D720F661B7002FBB63 /* gameofchatsUITests.xctest */,
			);
			name = Products;
			sourceTree = "<group>";
		};
		39AC26BA20F661B5002FBB63 /* gameofchats */ = {
			isa = PBXGroup;
			children = (
				391CC82620F94F350079596C /* View */,
				391CC81F20F91A0D0079596C /* Helpers */,
				397396F020F6AFEE001C5063 /* Models */,
				39AC26E920F66483002FBB63 /* Controller */,
				39AC26BB20F661B5002FBB63 /* AppDelegate.swift */,
				39AC26BF20F661B5002FBB63 /* Main.storyboard */,
				39AC26C220F661B7002FBB63 /* Assets.xcassets */,
				39AC26C420F661B7002FBB63 /* LaunchScreen.storyboard */,
				39AC26C720F661B7002FBB63 /* Info.plist */,
				39322AEE20F6745100DA35B4 /* GoogleService-Info.plist */,
				39F44EAE20F80BCD00D3B2C1 /* APICalls.swift */,
			);
			path = gameofchats;
			sourceTree = "<group>";
		};
		39AC26CF20F661B7002FBB63 /* gameofchatsTests */ = {
			isa = PBXGroup;
			children = (
				39AC26D020F661B7002FBB63 /* gameofchatsTests.swift */,
				39AC26D220F661B7002FBB63 /* Info.plist */,
			);
			path = gameofchatsTests;
			sourceTree = "<group>";
		};
		39AC26DA20F661B7002FBB63 /* gameofchatsUITests */ = {
			isa = PBXGroup;
			children = (
				39AC26DB20F661B7002FBB63 /* gameofchatsUITests.swift */,
				39AC26DD20F661B7002FBB63 /* Info.plist */,
			);
			path = gameofchatsUITests;
			sourceTree = "<group>";
		};
		39AC26E920F66483002FBB63 /* Controller */ = {
			isa = PBXGroup;
			children = (
				39AC26BD20F661B5002FBB63 /* MessagesController.swift */,
				39AC26EA20F664BF002FBB63 /* LoginController.swift */,
				397396EE20F6AAE3001C5063 /* NewMessageController.swift */,
				397A834A20F6BCA7004F026F /* LoginController+handlers.swift */,
				391CC82220F930860079596C /* ChatController.swift */,
			);
			path = Controller;
			sourceTree = "<group>";
		};
		431F02E3DF66FC07F7196648 /* Pods */ = {
			isa = PBXGroup;
			children = (
				15E65CAC980B8822373080D2 /* Pods-gameofchats.debug.xcconfig */,
				BAB80AF108A6DA440B36129A /* Pods-gameofchats.release.xcconfig */,
				0A462B930B76BFB789923C7F /* Pods-gameofchatsTests.debug.xcconfig */,
				90DE31830860A410281E0F32 /* Pods-gameofchatsTests.release.xcconfig */,
				0183B987C674124700FE9AD8 /* Pods-gameofchatsUITests.debug.xcconfig */,
				6AF35E581A4FCF7D3126A962 /* Pods-gameofchatsUITests.release.xcconfig */,
			);
			name = Pods;
			sourceTree = "<group>";
		};
		4BFDD159E027614E3DB6226E /* Frameworks */ = {
			isa = PBXGroup;
			children = (
				77A18E5635B320BF14E3021C /* Pods_gameofchats.framework */,
				6444518B491671D723BF4091 /* Pods_gameofchatsTests.framework */,
				EA6A10CC81A2C404720BE052 /* Pods_gameofchatsUITests.framework */,
			);
			name = Frameworks;
			sourceTree = "<group>";
		};
/* End PBXGroup section */

/* Begin PBXNativeTarget section */
		39AC26B720F661B5002FBB63 /* gameofchats */ = {
			isa = PBXNativeTarget;
			buildConfigurationList = 39AC26E020F661B7002FBB63 /* Build configuration list for PBXNativeTarget "gameofchats" */;
			buildPhases = (
				2AEC8C593AE3C15178DC0193 /* [CP] Check Pods Manifest.lock */,
				39AC26B420F661B5002FBB63 /* Sources */,
				39AC26B520F661B5002FBB63 /* Frameworks */,
				39AC26B620F661B5002FBB63 /* Resources */,
				DC284B6BF38E9BBAF6F2C130 /* [CP] Embed Pods Frameworks */,
			);
			buildRules = (
			);
			dependencies = (
			);
			name = gameofchats;
			productName = gameofchats;
			productReference = 39AC26B820F661B5002FBB63 /* gameofchats.app */;
			productType = "com.apple.product-type.application";
		};
		39AC26CB20F661B7002FBB63 /* gameofchatsTests */ = {
			isa = PBXNativeTarget;
			buildConfigurationList = 39AC26E320F661B7002FBB63 /* Build configuration list for PBXNativeTarget "gameofchatsTests" */;
			buildPhases = (
				133BBDA63D64BCF60863D399 /* [CP] Check Pods Manifest.lock */,
				39AC26C820F661B7002FBB63 /* Sources */,
				39AC26C920F661B7002FBB63 /* Frameworks */,
				39AC26CA20F661B7002FBB63 /* Resources */,
			);
			buildRules = (
			);
			dependencies = (
				39AC26CE20F661B7002FBB63 /* PBXTargetDependency */,
			);
			name = gameofchatsTests;
			productName = gameofchatsTests;
			productReference = 39AC26CC20F661B7002FBB63 /* gameofchatsTests.xctest */;
			productType = "com.apple.product-type.bundle.unit-test";
		};
		39AC26D620F661B7002FBB63 /* gameofchatsUITests */ = {
			isa = PBXNativeTarget;
			buildConfigurationList = 39AC26E620F661B7002FBB63 /* Build configuration list for PBXNativeTarget "gameofchatsUITests" */;
			buildPhases = (
				1BE0DC608A0A5830DA1D1312 /* [CP] Check Pods Manifest.lock */,
				39AC26D320F661B7002FBB63 /* Sources */,
				39AC26D420F661B7002FBB63 /* Frameworks */,
				39AC26D520F661B7002FBB63 /* Resources */,
			);
			buildRules = (
			);
			dependencies = (
				39AC26D920F661B7002FBB63 /* PBXTargetDependency */,
			);
			name = gameofchatsUITests;
			productName = gameofchatsUITests;
			productReference = 39AC26D720F661B7002FBB63 /* gameofchatsUITests.xctest */;
			productType = "com.apple.product-type.bundle.ui-testing";
		};
/* End PBXNativeTarget section */

/* Begin PBXProject section */
		39AC26B020F661B5002FBB63 /* Project object */ = {
			isa = PBXProject;
			attributes = {
				LastSwiftUpdateCheck = 0940;
				LastUpgradeCheck = 0940;
				ORGANIZATIONNAME = "Aatif Jiwani";
				TargetAttributes = {
					39AC26B720F661B5002FBB63 = {
						CreatedOnToolsVersion = 9.4.1;
					};
					39AC26CB20F661B7002FBB63 = {
						CreatedOnToolsVersion = 9.4.1;
						TestTargetID = 39AC26B720F661B5002FBB63;
					};
					39AC26D620F661B7002FBB63 = {
						CreatedOnToolsVersion = 9.4.1;
						TestTargetID = 39AC26B720F661B5002FBB63;
					};
				};
			};
			buildConfigurationList = 39AC26B320F661B5002FBB63 /* Build configuration list for PBXProject "gameofchats" */;
			compatibilityVersion = "Xcode 9.3";
			developmentRegion = en;
			hasScannedForEncodings = 0;
			knownRegions = (
				en,
				Base,
			);
			mainGroup = 39AC26AF20F661B5002FBB63;
			productRefGroup = 39AC26B920F661B5002FBB63 /* Products */;
			projectDirPath = "";
			projectRoot = "";
			targets = (
				39AC26B720F661B5002FBB63 /* gameofchats */,
				39AC26CB20F661B7002FBB63 /* gameofchatsTests */,
				39AC26D620F661B7002FBB63 /* gameofchatsUITests */,
			);
		};
/* End PBXProject section */

/* Begin PBXResourcesBuildPhase section */
		39AC26B620F661B5002FBB63 /* Resources */ = {
			isa = PBXResourcesBuildPhase;
			buildActionMask = 2147483647;
			files = (
				39AC26C620F661B7002FBB63 /* LaunchScreen.storyboard in Resources */,
				39322AEF20F6745100DA35B4 /* GoogleService-Info.plist in Resources */,
				39AC26C320F661B7002FBB63 /* Assets.xcassets in Resources */,
				39AC26C120F661B5002FBB63 /* Main.storyboard in Resources */,
			);
			runOnlyForDeploymentPostprocessing = 0;
		};
		39AC26CA20F661B7002FBB63 /* Resources */ = {
			isa = PBXResourcesBuildPhase;
			buildActionMask = 2147483647;
			files = (
			);
			runOnlyForDeploymentPostprocessing = 0;
		};
		39AC26D520F661B7002FBB63 /* Resources */ = {
			isa = PBXResourcesBuildPhase;
			buildActionMask = 2147483647;
			files = (
			);
			runOnlyForDeploymentPostprocessing = 0;
		};
/* End PBXResourcesBuildPhase section */

/* Begin PBXShellScriptBuildPhase section */
		133BBDA63D64BCF60863D399 /* [CP] Check Pods Manifest.lock */ = {
			isa = PBXShellScriptBuildPhase;
			buildActionMask = 2147483647;
			files = (
			);
			inputPaths = (
				"${PODS_PODFILE_DIR_PATH}/Podfile.lock",
				"${PODS_ROOT}/Manifest.lock",
			);
			name = "[CP] Check Pods Manifest.lock";
			outputPaths = (
				"$(DERIVED_FILE_DIR)/Pods-gameofchatsTests-checkManifestLockResult.txt",
			);
			runOnlyForDeploymentPostprocessing = 0;
			shellPath = /bin/sh;
			shellScript = "diff \"${PODS_PODFILE_DIR_PATH}/Podfile.lock\" \"${PODS_ROOT}/Manifest.lock\" > /dev/null\nif [ $? != 0 ] ; then\n    # print error to STDERR\n    echo \"error: The sandbox is not in sync with the Podfile.lock. Run 'pod install' or update your CocoaPods installation.\" >&2\n    exit 1\nfi\n# This output is used by Xcode 'outputs' to avoid re-running this script phase.\necho \"SUCCESS\" > \"${SCRIPT_OUTPUT_FILE_0}\"\n";
			showEnvVarsInLog = 0;
		};
		1BE0DC608A0A5830DA1D1312 /* [CP] Check Pods Manifest.lock */ = {
			isa = PBXShellScriptBuildPhase;
			buildActionMask = 2147483647;
			files = (
			);
			inputPaths = (
				"${PODS_PODFILE_DIR_PATH}/Podfile.lock",
				"${PODS_ROOT}/Manifest.lock",
			);
			name = "[CP] Check Pods Manifest.lock";
			outputPaths = (
				"$(DERIVED_FILE_DIR)/Pods-gameofchatsUITests-checkManifestLockResult.txt",
			);
			runOnlyForDeploymentPostprocessing = 0;
			shellPath = /bin/sh;
			shellScript = "diff \"${PODS_PODFILE_DIR_PATH}/Podfile.lock\" \"${PODS_ROOT}/Manifest.lock\" > /dev/null\nif [ $? != 0 ] ; then\n    # print error to STDERR\n    echo \"error: The sandbox is not in sync with the Podfile.lock. Run 'pod install' or update your CocoaPods installation.\" >&2\n    exit 1\nfi\n# This output is used by Xcode 'outputs' to avoid re-running this script phase.\necho \"SUCCESS\" > \"${SCRIPT_OUTPUT_FILE_0}\"\n";
			showEnvVarsInLog = 0;
		};
		2AEC8C593AE3C15178DC0193 /* [CP] Check Pods Manifest.lock */ = {
			isa = PBXShellScriptBuildPhase;
			buildActionMask = 2147483647;
			files = (
			);
			inputPaths = (
				"${PODS_PODFILE_DIR_PATH}/Podfile.lock",
				"${PODS_ROOT}/Manifest.lock",
			);
			name = "[CP] Check Pods Manifest.lock";
			outputPaths = (
				"$(DERIVED_FILE_DIR)/Pods-gameofchats-checkManifestLockResult.txt",
			);
			runOnlyForDeploymentPostprocessing = 0;
			shellPath = /bin/sh;
			shellScript = "diff \"${PODS_PODFILE_DIR_PATH}/Podfile.lock\" \"${PODS_ROOT}/Manifest.lock\" > /dev/null\nif [ $? != 0 ] ; then\n    # print error to STDERR\n    echo \"error: The sandbox is not in sync with the Podfile.lock. Run 'pod install' or update your CocoaPods installation.\" >&2\n    exit 1\nfi\n# This output is used by Xcode 'outputs' to avoid re-running this script phase.\necho \"SUCCESS\" > \"${SCRIPT_OUTPUT_FILE_0}\"\n";
			showEnvVarsInLog = 0;
		};
		DC284B6BF38E9BBAF6F2C130 /* [CP] Embed Pods Frameworks */ = {
			isa = PBXShellScriptBuildPhase;
			buildActionMask = 2147483647;
			files = (
			);
			inputPaths = (
				"${SRCROOT}/Pods/Target Support Files/Pods-gameofchats/Pods-gameofchats-frameworks.sh",
				"${BUILT_PRODUCTS_DIR}/GTMSessionFetcher/GTMSessionFetcher.framework",
				"${BUILT_PRODUCTS_DIR}/GoogleToolboxForMac/GoogleToolboxForMac.framework",
				"${BUILT_PRODUCTS_DIR}/leveldb-library/leveldb.framework",
				"${BUILT_PRODUCTS_DIR}/nanopb/nanopb.framework",
			);
			name = "[CP] Embed Pods Frameworks";
			outputPaths = (
				"${TARGET_BUILD_DIR}/${FRAMEWORKS_FOLDER_PATH}/GTMSessionFetcher.framework",
				"${TARGET_BUILD_DIR}/${FRAMEWORKS_FOLDER_PATH}/GoogleToolboxForMac.framework",
				"${TARGET_BUILD_DIR}/${FRAMEWORKS_FOLDER_PATH}/leveldb.framework",
				"${TARGET_BUILD_DIR}/${FRAMEWORKS_FOLDER_PATH}/nanopb.framework",
			);
			runOnlyForDeploymentPostprocessing = 0;
			shellPath = /bin/sh;
			shellScript = "\"${SRCROOT}/Pods/Target Support Files/Pods-gameofchats/Pods-gameofchats-frameworks.sh\"\n";
			showEnvVarsInLog = 0;
		};
/* End PBXShellScriptBuildPhase section */

/* Begin PBXSourcesBuildPhase section */
		39AC26B420F661B5002FBB63 /* Sources */ = {
			isa = PBXSourcesBuildPhase;
			buildActionMask = 2147483647;
			files = (
				397396EF20F6AAE3001C5063 /* NewMessageController.swift in Sources */,
				39F44EAF20F80BCD00D3B2C1 /* APICalls.swift in Sources */,
				39AC26BE20F661B5002FBB63 /* MessagesController.swift in Sources */,
				391CC82120F91A180079596C /* Extensions.swift in Sources */,
				397A834B20F6BCA7004F026F /* LoginController+handlers.swift in Sources */,
				39A390D120FE6906000F4E95 /* MessageCell.swift in Sources */,
				39AC26EB20F664BF002FBB63 /* LoginController.swift in Sources */,
				397396F220F6AFF9001C5063 /* User.swift in Sources */,
				391CC82520F94AFC0079596C /* Message.swift in Sources */,
				39AC26BC20F661B5002FBB63 /* AppDelegate.swift in Sources */,
				391CC82820F94F3F0079596C /* UserCell.swift in Sources */,
				391CC82320F930860079596C /* ChatController.swift in Sources */,
			);
			runOnlyForDeploymentPostprocessing = 0;
		};
		39AC26C820F661B7002FBB63 /* Sources */ = {
			isa = PBXSourcesBuildPhase;
			buildActionMask = 2147483647;
			files = (
				39AC26D120F661B7002FBB63 /* gameofchatsTests.swift in Sources */,
			);
			runOnlyForDeploymentPostprocessing = 0;
		};
		39AC26D320F661B7002FBB63 /* Sources */ = {
			isa = PBXSourcesBuildPhase;
			buildActionMask = 2147483647;
			files = (
				39AC26DC20F661B7002FBB63 /* gameofchatsUITests.swift in Sources */,
			);
			runOnlyForDeploymentPostprocessing = 0;
		};
/* End PBXSourcesBuildPhase section */

/* Begin PBXTargetDependency section */
		39AC26CE20F661B7002FBB63 /* PBXTargetDependency */ = {
			isa = PBXTargetDependency;
			target = 39AC26B720F661B5002FBB63 /* gameofchats */;
			targetProxy = 39AC26CD20F661B7002FBB63 /* PBXContainerItemProxy */;
		};
		39AC26D920F661B7002FBB63 /* PBXTargetDependency */ = {
			isa = PBXTargetDependency;
			target = 39AC26B720F661B5002FBB63 /* gameofchats */;
			targetProxy = 39AC26D820F661B7002FBB63 /* PBXContainerItemProxy */;
		};
/* End PBXTargetDependency section */

/* Begin PBXVariantGroup section */
		39AC26BF20F661B5002FBB63 /* Main.storyboard */ = {
			isa = PBXVariantGroup;
			children = (
				39AC26C020F661B5002FBB63 /* Base */,
			);
			name = Main.storyboard;
			sourceTree = "<group>";
		};
		39AC26C420F661B7002FBB63 /* LaunchScreen.storyboard */ = {
			isa = PBXVariantGroup;
			children = (
				39AC26C520F661B7002FBB63 /* Base */,
			);
			name = LaunchScreen.storyboard;
			sourceTree = "<group>";
		};
/* End PBXVariantGroup section */

/* Begin XCBuildConfiguration section */
		39AC26DE20F661B7002FBB63 /* Debug */ = {
			isa = XCBuildConfiguration;
			buildSettings = {
				ALWAYS_SEARCH_USER_PATHS = NO;
				CLANG_ANALYZER_NONNULL = YES;
				CLANG_ANALYZER_NUMBER_OBJECT_CONVERSION = YES_AGGRESSIVE;
				CLANG_CXX_LANGUAGE_STANDARD = "gnu++14";
				CLANG_CXX_LIBRARY = "libc++";
				CLANG_ENABLE_MODULES = YES;
				CLANG_ENABLE_OBJC_ARC = YES;
				CLANG_ENABLE_OBJC_WEAK = YES;
				CLANG_WARN_BLOCK_CAPTURE_AUTORELEASING = YES;
				CLANG_WARN_BOOL_CONVERSION = YES;
				CLANG_WARN_COMMA = YES;
				CLANG_WARN_CONSTANT_CONVERSION = YES;
				CLANG_WARN_DEPRECATED_OBJC_IMPLEMENTATIONS = YES;
				CLANG_WARN_DIRECT_OBJC_ISA_USAGE = YES_ERROR;
				CLANG_WARN_DOCUMENTATION_COMMENTS = YES;
				CLANG_WARN_EMPTY_BODY = YES;
				CLANG_WARN_ENUM_CONVERSION = YES;
				CLANG_WARN_INFINITE_RECURSION = YES;
				CLANG_WARN_INT_CONVERSION = YES;
				CLANG_WARN_NON_LITERAL_NULL_CONVERSION = YES;
				CLANG_WARN_OBJC_IMPLICIT_RETAIN_SELF = YES;
				CLANG_WARN_OBJC_LITERAL_CONVERSION = YES;
				CLANG_WARN_OBJC_ROOT_CLASS = YES_ERROR;
				CLANG_WARN_RANGE_LOOP_ANALYSIS = YES;
				CLANG_WARN_STRICT_PROTOTYPES = YES;
				CLANG_WARN_SUSPICIOUS_MOVE = YES;
				CLANG_WARN_UNGUARDED_AVAILABILITY = YES_AGGRESSIVE;
				CLANG_WARN_UNREACHABLE_CODE = YES;
				CLANG_WARN__DUPLICATE_METHOD_MATCH = YES;
				CODE_SIGN_IDENTITY = "iPhone Developer";
				COPY_PHASE_STRIP = NO;
				DEBUG_INFORMATION_FORMAT = dwarf;
				ENABLE_STRICT_OBJC_MSGSEND = YES;
				ENABLE_TESTABILITY = YES;
				GCC_C_LANGUAGE_STANDARD = gnu11;
				GCC_DYNAMIC_NO_PIC = NO;
				GCC_NO_COMMON_BLOCKS = YES;
				GCC_OPTIMIZATION_LEVEL = 0;
				GCC_PREPROCESSOR_DEFINITIONS = (
					"DEBUG=1",
					"$(inherited)",
				);
				GCC_WARN_64_TO_32_BIT_CONVERSION = YES;
				GCC_WARN_ABOUT_RETURN_TYPE = YES_ERROR;
				GCC_WARN_UNDECLARED_SELECTOR = YES;
				GCC_WARN_UNINITIALIZED_AUTOS = YES_AGGRESSIVE;
				GCC_WARN_UNUSED_FUNCTION = YES;
				GCC_WARN_UNUSED_VARIABLE = YES;
				IPHONEOS_DEPLOYMENT_TARGET = 11.4;
				MTL_ENABLE_DEBUG_INFO = YES;
				ONLY_ACTIVE_ARCH = YES;
				SDKROOT = iphoneos;
				SWIFT_ACTIVE_COMPILATION_CONDITIONS = DEBUG;
				SWIFT_OPTIMIZATION_LEVEL = "-Onone";
			};
			name = Debug;
		};
		39AC26DF20F661B7002FBB63 /* Release */ = {
			isa = XCBuildConfiguration;
			buildSettings = {
				ALWAYS_SEARCH_USER_PATHS = NO;
				CLANG_ANALYZER_NONNULL = YES;
				CLANG_ANALYZER_NUMBER_OBJECT_CONVERSION = YES_AGGRESSIVE;
				CLANG_CXX_LANGUAGE_STANDARD = "gnu++14";
				CLANG_CXX_LIBRARY = "libc++";
				CLANG_ENABLE_MODULES = YES;
				CLANG_ENABLE_OBJC_ARC = YES;
				CLANG_ENABLE_OBJC_WEAK = YES;
				CLANG_WARN_BLOCK_CAPTURE_AUTORELEASING = YES;
				CLANG_WARN_BOOL_CONVERSION = YES;
				CLANG_WARN_COMMA = YES;
				CLANG_WARN_CONSTANT_CONVERSION = YES;
				CLANG_WARN_DEPRECATED_OBJC_IMPLEMENTATIONS = YES;
				CLANG_WARN_DIRECT_OBJC_ISA_USAGE = YES_ERROR;
				CLANG_WARN_DOCUMENTATION_COMMENTS = YES;
				CLANG_WARN_EMPTY_BODY = YES;
				CLANG_WARN_ENUM_CONVERSION = YES;
				CLANG_WARN_INFINITE_RECURSION = YES;
				CLANG_WARN_INT_CONVERSION = YES;
				CLANG_WARN_NON_LITERAL_NULL_CONVERSION = YES;
				CLANG_WARN_OBJC_IMPLICIT_RETAIN_SELF = YES;
				CLANG_WARN_OBJC_LITERAL_CONVERSION = YES;
				CLANG_WARN_OBJC_ROOT_CLASS = YES_ERROR;
				CLANG_WARN_RANGE_LOOP_ANALYSIS = YES;
				CLANG_WARN_STRICT_PROTOTYPES = YES;
				CLANG_WARN_SUSPICIOUS_MOVE = YES;
				CLANG_WARN_UNGUARDED_AVAILABILITY = YES_AGGRESSIVE;
				CLANG_WARN_UNREACHABLE_CODE = YES;
				CLANG_WARN__DUPLICATE_METHOD_MATCH = YES;
				CODE_SIGN_IDENTITY = "iPhone Developer";
				COPY_PHASE_STRIP = NO;
				DEBUG_INFORMATION_FORMAT = "dwarf-with-dsym";
				ENABLE_NS_ASSERTIONS = NO;
				ENABLE_STRICT_OBJC_MSGSEND = YES;
				GCC_C_LANGUAGE_STANDARD = gnu11;
				GCC_NO_COMMON_BLOCKS = YES;
				GCC_WARN_64_TO_32_BIT_CONVERSION = YES;
				GCC_WARN_ABOUT_RETURN_TYPE = YES_ERROR;
				GCC_WARN_UNDECLARED_SELECTOR = YES;
				GCC_WARN_UNINITIALIZED_AUTOS = YES_AGGRESSIVE;
				GCC_WARN_UNUSED_FUNCTION = YES;
				GCC_WARN_UNUSED_VARIABLE = YES;
				IPHONEOS_DEPLOYMENT_TARGET = 11.4;
				MTL_ENABLE_DEBUG_INFO = NO;
				SDKROOT = iphoneos;
				SWIFT_COMPILATION_MODE = wholemodule;
				SWIFT_OPTIMIZATION_LEVEL = "-O";
				VALIDATE_PRODUCT = YES;
			};
			name = Release;
		};
		39AC26E120F661B7002FBB63 /* Debug */ = {
			isa = XCBuildConfiguration;
			baseConfigurationReference = 15E65CAC980B8822373080D2 /* Pods-gameofchats.debug.xcconfig */;
			buildSettings = {
				ASSETCATALOG_COMPILER_APPICON_NAME = AppIcon;
				CODE_SIGN_STYLE = Automatic;
				DEVELOPMENT_TEAM = HUE763S54R;
				INFOPLIST_FILE = gameofchats/Info.plist;
				LD_RUNPATH_SEARCH_PATHS = (
					"$(inherited)",
					"@executable_path/Frameworks",
				);
				PRODUCT_BUNDLE_IDENTIFIER = com.aatifjiwani.gameofchats;
				PRODUCT_NAME = "$(TARGET_NAME)";
				SWIFT_VERSION = 4.0;
				TARGETED_DEVICE_FAMILY = "1,2";
			};
			name = Debug;
		};
		39AC26E220F661B7002FBB63 /* Release */ = {
			isa = XCBuildConfiguration;
			baseConfigurationReference = BAB80AF108A6DA440B36129A /* Pods-gameofchats.release.xcconfig */;
			buildSettings = {
				ASSETCATALOG_COMPILER_APPICON_NAME = AppIcon;
				CODE_SIGN_STYLE = Automatic;
				DEVELOPMENT_TEAM = HUE763S54R;
				INFOPLIST_FILE = gameofchats/Info.plist;
				LD_RUNPATH_SEARCH_PATHS = (
					"$(inherited)",
					"@executable_path/Frameworks",
				);
				PRODUCT_BUNDLE_IDENTIFIER = com.aatifjiwani.gameofchats;
				PRODUCT_NAME = "$(TARGET_NAME)";
				SWIFT_VERSION = 4.0;
				TARGETED_DEVICE_FAMILY = "1,2";
			};
			name = Release;
		};
		39AC26E420F661B7002FBB63 /* Debug */ = {
			isa = XCBuildConfiguration;
			baseConfigurationReference = 0A462B930B76BFB789923C7F /* Pods-gameofchatsTests.debug.xcconfig */;
			buildSettings = {
				ALWAYS_EMBED_SWIFT_STANDARD_LIBRARIES = YES;
				BUNDLE_LOADER = "$(TEST_HOST)";
				CODE_SIGN_STYLE = Automatic;
				DEVELOPMENT_TEAM = HUE763S54R;
				INFOPLIST_FILE = gameofchatsTests/Info.plist;
				LD_RUNPATH_SEARCH_PATHS = (
					"$(inherited)",
					"@executable_path/Frameworks",
					"@loader_path/Frameworks",
				);
				PRODUCT_BUNDLE_IDENTIFIER = com.aatifjiwani.gameofchatsTests;
				PRODUCT_NAME = "$(TARGET_NAME)";
				SWIFT_VERSION = 4.0;
				TARGETED_DEVICE_FAMILY = "1,2";
				TEST_HOST = "$(BUILT_PRODUCTS_DIR)/gameofchats.app/gameofchats";
			};
			name = Debug;
		};
		39AC26E520F661B7002FBB63 /* Release */ = {
			isa = XCBuildConfiguration;
			baseConfigurationReference = 90DE31830860A410281E0F32 /* Pods-gameofchatsTests.release.xcconfig */;
			buildSettings = {
				ALWAYS_EMBED_SWIFT_STANDARD_LIBRARIES = YES;
				BUNDLE_LOADER = "$(TEST_HOST)";
				CODE_SIGN_STYLE = Automatic;
				DEVELOPMENT_TEAM = HUE763S54R;
				INFOPLIST_FILE = gameofchatsTests/Info.plist;
				LD_RUNPATH_SEARCH_PATHS = (
					"$(inherited)",
					"@executable_path/Frameworks",
					"@loader_path/Frameworks",
				);
				PRODUCT_BUNDLE_IDENTIFIER = com.aatifjiwani.gameofchatsTests;
				PRODUCT_NAME = "$(TARGET_NAME)";
				SWIFT_VERSION = 4.0;
				TARGETED_DEVICE_FAMILY = "1,2";
				TEST_HOST = "$(BUILT_PRODUCTS_DIR)/gameofchats.app/gameofchats";
			};
			name = Release;
		};
		39AC26E720F661B7002FBB63 /* Debug */ = {
			isa = XCBuildConfiguration;
			baseConfigurationReference = 0183B987C674124700FE9AD8 /* Pods-gameofchatsUITests.debug.xcconfig */;
			buildSettings = {
				ALWAYS_EMBED_SWIFT_STANDARD_LIBRARIES = YES;
				CODE_SIGN_STYLE = Automatic;
				DEVELOPMENT_TEAM = HUE763S54R;
				INFOPLIST_FILE = gameofchatsUITests/Info.plist;
				LD_RUNPATH_SEARCH_PATHS = (
					"$(inherited)",
					"@executable_path/Frameworks",
					"@loader_path/Frameworks",
				);
				PRODUCT_BUNDLE_IDENTIFIER = com.aatifjiwani.gameofchatsUITests;
				PRODUCT_NAME = "$(TARGET_NAME)";
				SWIFT_VERSION = 4.0;
				TARGETED_DEVICE_FAMILY = "1,2";
				TEST_TARGET_NAME = gameofchats;
			};
			name = Debug;
		};
		39AC26E820F661B7002FBB63 /* Release */ = {
			isa = XCBuildConfiguration;
			baseConfigurationReference = 6AF35E581A4FCF7D3126A962 /* Pods-gameofchatsUITests.release.xcconfig */;
			buildSettings = {
				ALWAYS_EMBED_SWIFT_STANDARD_LIBRARIES = YES;
				CODE_SIGN_STYLE = Automatic;
				DEVELOPMENT_TEAM = HUE763S54R;
				INFOPLIST_FILE = gameofchatsUITests/Info.plist;
				LD_RUNPATH_SEARCH_PATHS = (
					"$(inherited)",
					"@executable_path/Frameworks",
					"@loader_path/Frameworks",
				);
				PRODUCT_BUNDLE_IDENTIFIER = com.aatifjiwani.gameofchatsUITests;
				PRODUCT_NAME = "$(TARGET_NAME)";
				SWIFT_VERSION = 4.0;
				TARGETED_DEVICE_FAMILY = "1,2";
				TEST_TARGET_NAME = gameofchats;
			};
			name = Release;
		};
/* End XCBuildConfiguration section */

/* Begin XCConfigurationList section */
		39AC26B320F661B5002FBB63 /* Build configuration list for PBXProject "gameofchats" */ = {
			isa = XCConfigurationList;
			buildConfigurations = (
				39AC26DE20F661B7002FBB63 /* Debug */,
				39AC26DF20F661B7002FBB63 /* Release */,
			);
			defaultConfigurationIsVisible = 0;
			defaultConfigurationName = Release;
		};
		39AC26E020F661B7002FBB63 /* Build configuration list for PBXNativeTarget "gameofchats" */ = {
			isa = XCConfigurationList;
			buildConfigurations = (
				39AC26E120F661B7002FBB63 /* Debug */,
				39AC26E220F661B7002FBB63 /* Release */,
			);
			defaultConfigurationIsVisible = 0;
			defaultConfigurationName = Release;
		};
		39AC26E320F661B7002FBB63 /* Build configuration list for PBXNativeTarget "gameofchatsTests" */ = {
			isa = XCConfigurationList;
			buildConfigurations = (
				39AC26E420F661B7002FBB63 /* Debug */,
				39AC26E520F661B7002FBB63 /* Release */,
			);
			defaultConfigurationIsVisible = 0;
			defaultConfigurationName = Release;
		};
		39AC26E620F661B7002FBB63 /* Build configuration list for PBXNativeTarget "gameofchatsUITests" */ = {
			isa = XCConfigurationList;
			buildConfigurations = (
				39AC26E720F661B7002FBB63 /* Debug */,
				39AC26E820F661B7002FBB63 /* Release */,
			);
			defaultConfigurationIsVisible = 0;
			defaultConfigurationName = Release;
		};
/* End XCConfigurationList section */
	};
	rootObject = 39AC26B020F661B5002FBB63 /* Project object */;
}
